
Microsoft Visual Studio Solution File, Format Version 12.00
# Visual Studio 15
VisualStudioVersion = 15.0.27130.2024
MinimumVisualStudioVersion = 10.0.40219.1
Project("{FAE04EC0-301F-11D3-BF4B-00C04F79EFBC}") = "Exercise9", "Exercise9\Exercise9.csproj", "{977606A2-986A-411F-978C-69859C6D2F9E}"
EndProject
Global
	GlobalSection(SolutionConfigurationPlatforms) = preSolution
		Debug|Any CPU = Debug|Any CPU
		Release|Any CPU = Release|Any CPU
	EndGlobalSection
	GlobalSection(ProjectConfigurationPlatforms) = postSolution
		{977606A2-986A-411F-978C-69859C6D2F9E}.Debug|Any CPU.ActiveCfg = Debug|Any CPU
		{977606A2-986A-411F-978C-69859C6D2F9E}.Debug|Any CPU.Build.0 = Debug|Any CPU
		{977606A2-986A-411F-978C-69859C6D2F9E}.Release|Any CPU.ActiveCfg = Release|Any CPU
		{977606A2-986A-411F-978C-69859C6D2F9E}.Release|Any CPU.Build.0 = Release|Any CPU
	EndGlobalSection
	GlobalSection(SolutionProperties) = preSolution
		HideSolutionNode = FALSE
	EndGlobalSection
	GlobalSection(ExtensibilityGlobals) = postSolution
		SolutionGuid = {8C6C1C12-6FF1-4A26-932C-4D5FEA742CB4}
	EndGlobalSection
EndGlobal
