
Microsoft Visual Studio Solution File, Format Version 12.00
# Visual Studio 15
VisualStudioVersion = 15.0.27130.2024
MinimumVisualStudioVersion = 10.0.40219.1
Project("{FAE04EC0-301F-11D3-BF4B-00C04F79EFBC}") = "StructExample", "StructExample\StructExample.csproj", "{208D7738-AD6F-4586-8D61-70F2D3DBCC7B}"
EndProject
Global
	GlobalSection(SolutionConfigurationPlatforms) = preSolution
		Debug|Any CPU = Debug|Any CPU
		Release|Any CPU = Release|Any CPU
	EndGlobalSection
	GlobalSection(ProjectConfigurationPlatforms) = postSolution
		{208D7738-AD6F-4586-8D61-70F2D3DBCC7B}.Debug|Any CPU.ActiveCfg = Debug|Any CPU
		{208D7738-AD6F-4586-8D61-70F2D3DBCC7B}.Debug|Any CPU.Build.0 = Debug|Any CPU
		{208D7738-AD6F-4586-8D61-70F2D3DBCC7B}.Release|Any CPU.ActiveCfg = Release|Any CPU
		{208D7738-AD6F-4586-8D61-70F2D3DBCC7B}.Release|Any CPU.Build.0 = Release|Any CPU
	EndGlobalSection
	GlobalSection(SolutionProperties) = preSolution
		HideSolutionNode = FALSE
	EndGlobalSection
	GlobalSection(ExtensibilityGlobals) = postSolution
		SolutionGuid = {4495CBB0-4DF7-4769-8105-840BC8C221E3}
	EndGlobalSection
EndGlobal
