
Microsoft Visual Studio Solution File, Format Version 12.00
# Visual Studio 15
VisualStudioVersion = 15.0.27130.2024
MinimumVisualStudioVersion = 10.0.40219.1
Project("{FAE04EC0-301F-11D3-BF4B-00C04F79EFBC}") = "MethodEnumExample", "MethodEnumExample\MethodEnumExample.csproj", "{92EA83BE-6AD0-4648-A43B-41E96984F1B8}"
EndProject
Global
	GlobalSection(SolutionConfigurationPlatforms) = preSolution
		Debug|Any CPU = Debug|Any CPU
		Release|Any CPU = Release|Any CPU
	EndGlobalSection
	GlobalSection(ProjectConfigurationPlatforms) = postSolution
		{92EA83BE-6AD0-4648-A43B-41E96984F1B8}.Debug|Any CPU.ActiveCfg = Debug|Any CPU
		{92EA83BE-6AD0-4648-A43B-41E96984F1B8}.Debug|Any CPU.Build.0 = Debug|Any CPU
		{92EA83BE-6AD0-4648-A43B-41E96984F1B8}.Release|Any CPU.ActiveCfg = Release|Any CPU
		{92EA83BE-6AD0-4648-A43B-41E96984F1B8}.Release|Any CPU.Build.0 = Release|Any CPU
	EndGlobalSection
	GlobalSection(SolutionProperties) = preSolution
		HideSolutionNode = FALSE
	EndGlobalSection
	GlobalSection(ExtensibilityGlobals) = postSolution
		SolutionGuid = {6FA2E94C-EC62-47E4-A595-65868EAA0283}
	EndGlobalSection
EndGlobal
