
Microsoft Visual Studio Solution File, Format Version 12.00
# Visual Studio 15
VisualStudioVersion = 15.0.27130.2024
MinimumVisualStudioVersion = 10.0.40219.1
Project("{FAE04EC0-301F-11D3-BF4B-00C04F79EFBC}") = "MinWithQuerySyntax", "MinWithQuerySyntax\MinWithQuerySyntax.csproj", "{9421B6C2-C632-49B7-8F0C-71D580043DBC}"
EndProject
Global
	GlobalSection(SolutionConfigurationPlatforms) = preSolution
		Debug|Any CPU = Debug|Any CPU
		Release|Any CPU = Release|Any CPU
	EndGlobalSection
	GlobalSection(ProjectConfigurationPlatforms) = postSolution
		{9421B6C2-C632-49B7-8F0C-71D580043DBC}.Debug|Any CPU.ActiveCfg = Debug|Any CPU
		{9421B6C2-C632-49B7-8F0C-71D580043DBC}.Debug|Any CPU.Build.0 = Debug|Any CPU
		{9421B6C2-C632-49B7-8F0C-71D580043DBC}.Release|Any CPU.ActiveCfg = Release|Any CPU
		{9421B6C2-C632-49B7-8F0C-71D580043DBC}.Release|Any CPU.Build.0 = Release|Any CPU
	EndGlobalSection
	GlobalSection(SolutionProperties) = preSolution
		HideSolutionNode = FALSE
	EndGlobalSection
	GlobalSection(ExtensibilityGlobals) = postSolution
		SolutionGuid = {7F05101A-81B7-4FD1-883D-8DB7D5CE077E}
	EndGlobalSection
EndGlobal
