
Microsoft Visual Studio Solution File, Format Version 12.00
# Visual Studio 15
VisualStudioVersion = 15.0.27130.2024
MinimumVisualStudioVersion = 10.0.40219.1
Project("{FAE04EC0-301F-11D3-BF4B-00C04F79EFBC}") = "FirstExercise", "FirstExercise\FirstExercise.csproj", "{FF68464A-8DC8-4DFC-9E3F-65206C1D3FDC}"
EndProject
Global
	GlobalSection(SolutionConfigurationPlatforms) = preSolution
		Debug|Any CPU = Debug|Any CPU
		Release|Any CPU = Release|Any CPU
	EndGlobalSection
	GlobalSection(ProjectConfigurationPlatforms) = postSolution
		{FF68464A-8DC8-4DFC-9E3F-65206C1D3FDC}.Debug|Any CPU.ActiveCfg = Debug|Any CPU
		{FF68464A-8DC8-4DFC-9E3F-65206C1D3FDC}.Debug|Any CPU.Build.0 = Debug|Any CPU
		{FF68464A-8DC8-4DFC-9E3F-65206C1D3FDC}.Release|Any CPU.ActiveCfg = Release|Any CPU
		{FF68464A-8DC8-4DFC-9E3F-65206C1D3FDC}.Release|Any CPU.Build.0 = Release|Any CPU
	EndGlobalSection
	GlobalSection(SolutionProperties) = preSolution
		HideSolutionNode = FALSE
	EndGlobalSection
	GlobalSection(ExtensibilityGlobals) = postSolution
		SolutionGuid = {21201773-3013-4F5E-93A0-D10784459FC9}
	EndGlobalSection
EndGlobal
