
Microsoft Visual Studio Solution File, Format Version 12.00
# Visual Studio 15
VisualStudioVersion = 15.0.27130.2024
MinimumVisualStudioVersion = 10.0.40219.1
Project("{FAE04EC0-301F-11D3-BF4B-00C04F79EFBC}") = "Exercise12", "Exercise12\Exercise12.csproj", "{F82FAB20-0D42-475C-A970-57DFEFBBC328}"
EndProject
Global
	GlobalSection(SolutionConfigurationPlatforms) = preSolution
		Debug|Any CPU = Debug|Any CPU
		Release|Any CPU = Release|Any CPU
	EndGlobalSection
	GlobalSection(ProjectConfigurationPlatforms) = postSolution
		{F82FAB20-0D42-475C-A970-57DFEFBBC328}.Debug|Any CPU.ActiveCfg = Debug|Any CPU
		{F82FAB20-0D42-475C-A970-57DFEFBBC328}.Debug|Any CPU.Build.0 = Debug|Any CPU
		{F82FAB20-0D42-475C-A970-57DFEFBBC328}.Release|Any CPU.ActiveCfg = Release|Any CPU
		{F82FAB20-0D42-475C-A970-57DFEFBBC328}.Release|Any CPU.Build.0 = Release|Any CPU
	EndGlobalSection
	GlobalSection(SolutionProperties) = preSolution
		HideSolutionNode = FALSE
	EndGlobalSection
	GlobalSection(ExtensibilityGlobals) = postSolution
		SolutionGuid = {2E805BD6-465E-4CAD-8DF2-BF64095B226F}
	EndGlobalSection
EndGlobal
