
Microsoft Visual Studio Solution File, Format Version 12.00
# Visual Studio 15
VisualStudioVersion = 15.0.27130.2024
MinimumVisualStudioVersion = 10.0.40219.1
Project("{FAE04EC0-301F-11D3-BF4B-00C04F79EFBC}") = "ClassDemoWorkCon", "ClassDemoWorkCon\ClassDemoWorkCon.csproj", "{90F80C73-4422-4150-8D78-2A01DDA9347E}"
EndProject
Global
	GlobalSection(SolutionConfigurationPlatforms) = preSolution
		Debug|Any CPU = Debug|Any CPU
		Release|Any CPU = Release|Any CPU
	EndGlobalSection
	GlobalSection(ProjectConfigurationPlatforms) = postSolution
		{90F80C73-4422-4150-8D78-2A01DDA9347E}.Debug|Any CPU.ActiveCfg = Debug|Any CPU
		{90F80C73-4422-4150-8D78-2A01DDA9347E}.Debug|Any CPU.Build.0 = Debug|Any CPU
		{90F80C73-4422-4150-8D78-2A01DDA9347E}.Release|Any CPU.ActiveCfg = Release|Any CPU
		{90F80C73-4422-4150-8D78-2A01DDA9347E}.Release|Any CPU.Build.0 = Release|Any CPU
	EndGlobalSection
	GlobalSection(SolutionProperties) = preSolution
		HideSolutionNode = FALSE
	EndGlobalSection
	GlobalSection(ExtensibilityGlobals) = postSolution
		SolutionGuid = {6840397E-23BB-4DD1-BF7E-E779D3398C5A}
	EndGlobalSection
EndGlobal
