
Microsoft Visual Studio Solution File, Format Version 12.00
# Visual Studio 15
VisualStudioVersion = 15.0.27130.2024
MinimumVisualStudioVersion = 10.0.40219.1
Project("{FAE04EC0-301F-11D3-BF4B-00C04F79EFBC}") = "MaxPlatform2x2", "MaxPlatform2x2\MaxPlatform2x2.csproj", "{5CACF187-0BF9-4A09-B850-50A753A4C0D2}"
EndProject
Global
	GlobalSection(SolutionConfigurationPlatforms) = preSolution
		Debug|Any CPU = Debug|Any CPU
		Release|Any CPU = Release|Any CPU
	EndGlobalSection
	GlobalSection(ProjectConfigurationPlatforms) = postSolution
		{5CACF187-0BF9-4A09-B850-50A753A4C0D2}.Debug|Any CPU.ActiveCfg = Debug|Any CPU
		{5CACF187-0BF9-4A09-B850-50A753A4C0D2}.Debug|Any CPU.Build.0 = Debug|Any CPU
		{5CACF187-0BF9-4A09-B850-50A753A4C0D2}.Release|Any CPU.ActiveCfg = Release|Any CPU
		{5CACF187-0BF9-4A09-B850-50A753A4C0D2}.Release|Any CPU.Build.0 = Release|Any CPU
	EndGlobalSection
	GlobalSection(SolutionProperties) = preSolution
		HideSolutionNode = FALSE
	EndGlobalSection
	GlobalSection(ExtensibilityGlobals) = postSolution
		SolutionGuid = {F99F88F3-92A0-4FE3-B1C9-83E14F23FDAE}
	EndGlobalSection
EndGlobal
