
Microsoft Visual Studio Solution File, Format Version 12.00
# Visual Studio 15
VisualStudioVersion = 15.0.27130.2024
MinimumVisualStudioVersion = 10.0.40219.1
Project("{FAE04EC0-301F-11D3-BF4B-00C04F79EFBC}") = "ThisKeyword", "ThisKeyword\ThisKeyword.csproj", "{B80DC34B-F92D-4A37-94F0-9500249636A0}"
EndProject
Global
	GlobalSection(SolutionConfigurationPlatforms) = preSolution
		Debug|Any CPU = Debug|Any CPU
		Release|Any CPU = Release|Any CPU
	EndGlobalSection
	GlobalSection(ProjectConfigurationPlatforms) = postSolution
		{B80DC34B-F92D-4A37-94F0-9500249636A0}.Debug|Any CPU.ActiveCfg = Debug|Any CPU
		{B80DC34B-F92D-4A37-94F0-9500249636A0}.Debug|Any CPU.Build.0 = Debug|Any CPU
		{B80DC34B-F92D-4A37-94F0-9500249636A0}.Release|Any CPU.ActiveCfg = Release|Any CPU
		{B80DC34B-F92D-4A37-94F0-9500249636A0}.Release|Any CPU.Build.0 = Release|Any CPU
	EndGlobalSection
	GlobalSection(SolutionProperties) = preSolution
		HideSolutionNode = FALSE
	EndGlobalSection
	GlobalSection(ExtensibilityGlobals) = postSolution
		SolutionGuid = {014C1E4B-540E-4ADD-95AA-BEF7C17DD276}
	EndGlobalSection
EndGlobal
