
Microsoft Visual Studio Solution File, Format Version 12.00
# Visual Studio 15
VisualStudioVersion = 15.0.27130.2024
MinimumVisualStudioVersion = 10.0.40219.1
Project("{FAE04EC0-301F-11D3-BF4B-00C04F79EFBC}") = "NullableType", "NullableType\NullableType.csproj", "{955ECF52-75BB-4B32-91C4-50C113BB43EB}"
EndProject
Global
	GlobalSection(SolutionConfigurationPlatforms) = preSolution
		Debug|Any CPU = Debug|Any CPU
		Release|Any CPU = Release|Any CPU
	EndGlobalSection
	GlobalSection(ProjectConfigurationPlatforms) = postSolution
		{955ECF52-75BB-4B32-91C4-50C113BB43EB}.Debug|Any CPU.ActiveCfg = Debug|Any CPU
		{955ECF52-75BB-4B32-91C4-50C113BB43EB}.Debug|Any CPU.Build.0 = Debug|Any CPU
		{955ECF52-75BB-4B32-91C4-50C113BB43EB}.Release|Any CPU.ActiveCfg = Release|Any CPU
		{955ECF52-75BB-4B32-91C4-50C113BB43EB}.Release|Any CPU.Build.0 = Release|Any CPU
	EndGlobalSection
	GlobalSection(SolutionProperties) = preSolution
		HideSolutionNode = FALSE
	EndGlobalSection
	GlobalSection(ExtensibilityGlobals) = postSolution
		SolutionGuid = {33891655-B0FD-4CAA-A2C5-16E8DC40C859}
	EndGlobalSection
EndGlobal
