
Microsoft Visual Studio Solution File, Format Version 12.00
# Visual Studio 15
VisualStudioVersion = 15.0.27130.2024
MinimumVisualStudioVersion = 10.0.40219.1
Project("{FAE04EC0-301F-11D3-BF4B-00C04F79EFBC}") = "FirstExercise", "FirstExercise\FirstExercise.csproj", "{B70EE262-535A-4D13-9E06-428DDE679477}"
EndProject
Global
	GlobalSection(SolutionConfigurationPlatforms) = preSolution
		Debug|Any CPU = Debug|Any CPU
		Release|Any CPU = Release|Any CPU
	EndGlobalSection
	GlobalSection(ProjectConfigurationPlatforms) = postSolution
		{B70EE262-535A-4D13-9E06-428DDE679477}.Debug|Any CPU.ActiveCfg = Debug|Any CPU
		{B70EE262-535A-4D13-9E06-428DDE679477}.Debug|Any CPU.Build.0 = Debug|Any CPU
		{B70EE262-535A-4D13-9E06-428DDE679477}.Release|Any CPU.ActiveCfg = Release|Any CPU
		{B70EE262-535A-4D13-9E06-428DDE679477}.Release|Any CPU.Build.0 = Release|Any CPU
	EndGlobalSection
	GlobalSection(SolutionProperties) = preSolution
		HideSolutionNode = FALSE
	EndGlobalSection
	GlobalSection(ExtensibilityGlobals) = postSolution
		SolutionGuid = {24D97DD9-D20F-4CCF-8806-BEE044BF052B}
	EndGlobalSection
EndGlobal
