
Microsoft Visual Studio Solution File, Format Version 12.00
# Visual Studio 15
VisualStudioVersion = 15.0.27130.2024
MinimumVisualStudioVersion = 10.0.40219.1
Project("{FAE04EC0-301F-11D3-BF4B-00C04F79EFBC}") = "Method", "Method\Method.csproj", "{D2F1F68C-851B-4FFC-8065-D3A361A3FFA7}"
EndProject
Global
	GlobalSection(SolutionConfigurationPlatforms) = preSolution
		Debug|Any CPU = Debug|Any CPU
		Release|Any CPU = Release|Any CPU
	EndGlobalSection
	GlobalSection(ProjectConfigurationPlatforms) = postSolution
		{D2F1F68C-851B-4FFC-8065-D3A361A3FFA7}.Debug|Any CPU.ActiveCfg = Debug|Any CPU
		{D2F1F68C-851B-4FFC-8065-D3A361A3FFA7}.Debug|Any CPU.Build.0 = Debug|Any CPU
		{D2F1F68C-851B-4FFC-8065-D3A361A3FFA7}.Release|Any CPU.ActiveCfg = Release|Any CPU
		{D2F1F68C-851B-4FFC-8065-D3A361A3FFA7}.Release|Any CPU.Build.0 = Release|Any CPU
	EndGlobalSection
	GlobalSection(SolutionProperties) = preSolution
		HideSolutionNode = FALSE
	EndGlobalSection
	GlobalSection(ExtensibilityGlobals) = postSolution
		SolutionGuid = {A9080762-6791-411C-8A99-6BB03301A468}
	EndGlobalSection
EndGlobal
