
Microsoft Visual Studio Solution File, Format Version 12.00
# Visual Studio 15
VisualStudioVersion = 15.0.27130.2024
MinimumVisualStudioVersion = 10.0.40219.1
Project("{FAE04EC0-301F-11D3-BF4B-00C04F79EFBC}") = "SwitchFirst", "SwitchFirst\SwitchFirst.csproj", "{CAEED0FD-ED83-405E-A458-175C31B3562A}"
EndProject
Global
	GlobalSection(SolutionConfigurationPlatforms) = preSolution
		Debug|Any CPU = Debug|Any CPU
		Release|Any CPU = Release|Any CPU
	EndGlobalSection
	GlobalSection(ProjectConfigurationPlatforms) = postSolution
		{CAEED0FD-ED83-405E-A458-175C31B3562A}.Debug|Any CPU.ActiveCfg = Debug|Any CPU
		{CAEED0FD-ED83-405E-A458-175C31B3562A}.Debug|Any CPU.Build.0 = Debug|Any CPU
		{CAEED0FD-ED83-405E-A458-175C31B3562A}.Release|Any CPU.ActiveCfg = Release|Any CPU
		{CAEED0FD-ED83-405E-A458-175C31B3562A}.Release|Any CPU.Build.0 = Release|Any CPU
	EndGlobalSection
	GlobalSection(SolutionProperties) = preSolution
		HideSolutionNode = FALSE
	EndGlobalSection
	GlobalSection(ExtensibilityGlobals) = postSolution
		SolutionGuid = {6DF12642-635B-413B-81C2-07E4C768CDDB}
	EndGlobalSection
EndGlobal
