
Microsoft Visual Studio Solution File, Format Version 12.00
# Visual Studio 15
VisualStudioVersion = 15.0.27130.2024
MinimumVisualStudioVersion = 10.0.40219.1
Project("{FAE04EC0-301F-11D3-BF4B-00C04F79EFBC}") = "ThirdExercise", "ThirdExercise\ThirdExercise.csproj", "{6B6D8B04-70C9-4F41-9789-D86B58AA936F}"
EndProject
Global
	GlobalSection(SolutionConfigurationPlatforms) = preSolution
		Debug|Any CPU = Debug|Any CPU
		Release|Any CPU = Release|Any CPU
	EndGlobalSection
	GlobalSection(ProjectConfigurationPlatforms) = postSolution
		{6B6D8B04-70C9-4F41-9789-D86B58AA936F}.Debug|Any CPU.ActiveCfg = Debug|Any CPU
		{6B6D8B04-70C9-4F41-9789-D86B58AA936F}.Debug|Any CPU.Build.0 = Debug|Any CPU
		{6B6D8B04-70C9-4F41-9789-D86B58AA936F}.Release|Any CPU.ActiveCfg = Release|Any CPU
		{6B6D8B04-70C9-4F41-9789-D86B58AA936F}.Release|Any CPU.Build.0 = Release|Any CPU
	EndGlobalSection
	GlobalSection(SolutionProperties) = preSolution
		HideSolutionNode = FALSE
	EndGlobalSection
	GlobalSection(ExtensibilityGlobals) = postSolution
		SolutionGuid = {D861E931-58CC-4C46-B1F6-F853D36992CC}
	EndGlobalSection
EndGlobal
