
Microsoft Visual Studio Solution File, Format Version 12.00
# Visual Studio 15
VisualStudioVersion = 15.0.27130.2024
MinimumVisualStudioVersion = 10.0.40219.1
Project("{FAE04EC0-301F-11D3-BF4B-00C04F79EFBC}") = "MultilineString", "MultilineString\MultilineString.csproj", "{0ECC71C8-30EF-429A-A790-2E83B6701DCD}"
EndProject
Global
	GlobalSection(SolutionConfigurationPlatforms) = preSolution
		Debug|Any CPU = Debug|Any CPU
		Release|Any CPU = Release|Any CPU
	EndGlobalSection
	GlobalSection(ProjectConfigurationPlatforms) = postSolution
		{0ECC71C8-30EF-429A-A790-2E83B6701DCD}.Debug|Any CPU.ActiveCfg = Debug|Any CPU
		{0ECC71C8-30EF-429A-A790-2E83B6701DCD}.Debug|Any CPU.Build.0 = Debug|Any CPU
		{0ECC71C8-30EF-429A-A790-2E83B6701DCD}.Release|Any CPU.ActiveCfg = Release|Any CPU
		{0ECC71C8-30EF-429A-A790-2E83B6701DCD}.Release|Any CPU.Build.0 = Release|Any CPU
	EndGlobalSection
	GlobalSection(SolutionProperties) = preSolution
		HideSolutionNode = FALSE
	EndGlobalSection
	GlobalSection(ExtensibilityGlobals) = postSolution
		SolutionGuid = {D9AA36E9-5091-4427-B806-88B3CB556758}
	EndGlobalSection
EndGlobal
