
Microsoft Visual Studio Solution File, Format Version 12.00
# Visual Studio 15
VisualStudioVersion = 15.0.27130.2024
MinimumVisualStudioVersion = 10.0.40219.1
Project("{FAE04EC0-301F-11D3-BF4B-00C04F79EFBC}") = "StaticAndInstanceClassMembers", "StaticAndInstanceClassMembers\StaticAndInstanceClassMembers.csproj", "{EE23D05A-A1D1-4FFE-B72D-8813351F2B4B}"
EndProject
Global
	GlobalSection(SolutionConfigurationPlatforms) = preSolution
		Debug|Any CPU = Debug|Any CPU
		Release|Any CPU = Release|Any CPU
	EndGlobalSection
	GlobalSection(ProjectConfigurationPlatforms) = postSolution
		{EE23D05A-A1D1-4FFE-B72D-8813351F2B4B}.Debug|Any CPU.ActiveCfg = Debug|Any CPU
		{EE23D05A-A1D1-4FFE-B72D-8813351F2B4B}.Debug|Any CPU.Build.0 = Debug|Any CPU
		{EE23D05A-A1D1-4FFE-B72D-8813351F2B4B}.Release|Any CPU.ActiveCfg = Release|Any CPU
		{EE23D05A-A1D1-4FFE-B72D-8813351F2B4B}.Release|Any CPU.Build.0 = Release|Any CPU
	EndGlobalSection
	GlobalSection(SolutionProperties) = preSolution
		HideSolutionNode = FALSE
	EndGlobalSection
	GlobalSection(ExtensibilityGlobals) = postSolution
		SolutionGuid = {C64001CF-02FF-45C9-BE48-4D4284D2775F}
	EndGlobalSection
EndGlobal
