
Microsoft Visual Studio Solution File, Format Version 12.00
# Visual Studio 15
VisualStudioVersion = 15.0.27130.2024
MinimumVisualStudioVersion = 10.0.40219.1
Project("{FAE04EC0-301F-11D3-BF4B-00C04F79EFBC}") = "SumWithGroupBy", "SumWithGroupBy\SumWithGroupBy.csproj", "{A19A389A-BFCC-4C04-BAEA-28308CEBCA36}"
EndProject
Global
	GlobalSection(SolutionConfigurationPlatforms) = preSolution
		Debug|Any CPU = Debug|Any CPU
		Release|Any CPU = Release|Any CPU
	EndGlobalSection
	GlobalSection(ProjectConfigurationPlatforms) = postSolution
		{A19A389A-BFCC-4C04-BAEA-28308CEBCA36}.Debug|Any CPU.ActiveCfg = Debug|Any CPU
		{A19A389A-BFCC-4C04-BAEA-28308CEBCA36}.Debug|Any CPU.Build.0 = Debug|Any CPU
		{A19A389A-BFCC-4C04-BAEA-28308CEBCA36}.Release|Any CPU.ActiveCfg = Release|Any CPU
		{A19A389A-BFCC-4C04-BAEA-28308CEBCA36}.Release|Any CPU.Build.0 = Release|Any CPU
	EndGlobalSection
	GlobalSection(SolutionProperties) = preSolution
		HideSolutionNode = FALSE
	EndGlobalSection
	GlobalSection(ExtensibilityGlobals) = postSolution
		SolutionGuid = {CF1FB39E-E2FA-44DF-B615-DF279806BF2B}
	EndGlobalSection
EndGlobal
