
Microsoft Visual Studio Solution File, Format Version 12.00
# Visual Studio 15
VisualStudioVersion = 15.0.27130.2024
MinimumVisualStudioVersion = 10.0.40219.1
Project("{FAE04EC0-301F-11D3-BF4B-00C04F79EFBC}") = "ExplicitInterfaces", "ExplicitInterfaces\ExplicitInterfaces.csproj", "{74349CD9-8E7E-419D-812F-AF5ED1F8A6DE}"
EndProject
Global
	GlobalSection(SolutionConfigurationPlatforms) = preSolution
		Debug|Any CPU = Debug|Any CPU
		Release|Any CPU = Release|Any CPU
	EndGlobalSection
	GlobalSection(ProjectConfigurationPlatforms) = postSolution
		{74349CD9-8E7E-419D-812F-AF5ED1F8A6DE}.Debug|Any CPU.ActiveCfg = Debug|Any CPU
		{74349CD9-8E7E-419D-812F-AF5ED1F8A6DE}.Debug|Any CPU.Build.0 = Debug|Any CPU
		{74349CD9-8E7E-419D-812F-AF5ED1F8A6DE}.Release|Any CPU.ActiveCfg = Release|Any CPU
		{74349CD9-8E7E-419D-812F-AF5ED1F8A6DE}.Release|Any CPU.Build.0 = Release|Any CPU
	EndGlobalSection
	GlobalSection(SolutionProperties) = preSolution
		HideSolutionNode = FALSE
	EndGlobalSection
	GlobalSection(ExtensibilityGlobals) = postSolution
		SolutionGuid = {AA64AF2D-81BF-4395-B8B4-6E2CB4E46880}
	EndGlobalSection
EndGlobal
