
Microsoft Visual Studio Solution File, Format Version 12.00
# Visual Studio 15
VisualStudioVersion = 15.0.27130.2024
MinimumVisualStudioVersion = 10.0.40219.1
Project("{FAE04EC0-301F-11D3-BF4B-00C04F79EFBC}") = "OverloadMethodsClass", "OverloadMethodsClass\OverloadMethodsClass.csproj", "{C5161CF3-C41F-463A-A80E-7259343D98FF}"
EndProject
Global
	GlobalSection(SolutionConfigurationPlatforms) = preSolution
		Debug|Any CPU = Debug|Any CPU
		Release|Any CPU = Release|Any CPU
	EndGlobalSection
	GlobalSection(ProjectConfigurationPlatforms) = postSolution
		{C5161CF3-C41F-463A-A80E-7259343D98FF}.Debug|Any CPU.ActiveCfg = Debug|Any CPU
		{C5161CF3-C41F-463A-A80E-7259343D98FF}.Debug|Any CPU.Build.0 = Debug|Any CPU
		{C5161CF3-C41F-463A-A80E-7259343D98FF}.Release|Any CPU.ActiveCfg = Release|Any CPU
		{C5161CF3-C41F-463A-A80E-7259343D98FF}.Release|Any CPU.Build.0 = Release|Any CPU
	EndGlobalSection
	GlobalSection(SolutionProperties) = preSolution
		HideSolutionNode = FALSE
	EndGlobalSection
	GlobalSection(ExtensibilityGlobals) = postSolution
		SolutionGuid = {DFAAFAF2-6FE5-4986-B4C4-2FA2CD3E5709}
	EndGlobalSection
EndGlobal
