
Microsoft Visual Studio Solution File, Format Version 12.00
# Visual Studio 15
VisualStudioVersion = 15.0.27130.2024
MinimumVisualStudioVersion = 10.0.40219.1
Project("{FAE04EC0-301F-11D3-BF4B-00C04F79EFBC}") = "Exercise2", "Exercise2\Exercise2.csproj", "{36C17EE1-517F-4BF9-AC32-A1FEB014B45F}"
EndProject
Global
	GlobalSection(SolutionConfigurationPlatforms) = preSolution
		Debug|Any CPU = Debug|Any CPU
		Release|Any CPU = Release|Any CPU
	EndGlobalSection
	GlobalSection(ProjectConfigurationPlatforms) = postSolution
		{36C17EE1-517F-4BF9-AC32-A1FEB014B45F}.Debug|Any CPU.ActiveCfg = Debug|Any CPU
		{36C17EE1-517F-4BF9-AC32-A1FEB014B45F}.Debug|Any CPU.Build.0 = Debug|Any CPU
		{36C17EE1-517F-4BF9-AC32-A1FEB014B45F}.Release|Any CPU.ActiveCfg = Release|Any CPU
		{36C17EE1-517F-4BF9-AC32-A1FEB014B45F}.Release|Any CPU.Build.0 = Release|Any CPU
	EndGlobalSection
	GlobalSection(SolutionProperties) = preSolution
		HideSolutionNode = FALSE
	EndGlobalSection
	GlobalSection(ExtensibilityGlobals) = postSolution
		SolutionGuid = {0CD5D891-FE71-4DC8-A1E8-2972D94A5C52}
	EndGlobalSection
EndGlobal
