
Microsoft Visual Studio Solution File, Format Version 12.00
# Visual Studio 15
VisualStudioVersion = 15.0.27130.2024
MinimumVisualStudioVersion = 10.0.40219.1
Project("{FAE04EC0-301F-11D3-BF4B-00C04F79EFBC}") = "Variables", "Variables\Variables.csproj", "{74B44E26-5BC9-499E-8D1F-D261B178057D}"
EndProject
Global
	GlobalSection(SolutionConfigurationPlatforms) = preSolution
		Debug|Any CPU = Debug|Any CPU
		Release|Any CPU = Release|Any CPU
	EndGlobalSection
	GlobalSection(ProjectConfigurationPlatforms) = postSolution
		{74B44E26-5BC9-499E-8D1F-D261B178057D}.Debug|Any CPU.ActiveCfg = Debug|Any CPU
		{74B44E26-5BC9-499E-8D1F-D261B178057D}.Debug|Any CPU.Build.0 = Debug|Any CPU
		{74B44E26-5BC9-499E-8D1F-D261B178057D}.Release|Any CPU.ActiveCfg = Release|Any CPU
		{74B44E26-5BC9-499E-8D1F-D261B178057D}.Release|Any CPU.Build.0 = Release|Any CPU
	EndGlobalSection
	GlobalSection(SolutionProperties) = preSolution
		HideSolutionNode = FALSE
	EndGlobalSection
	GlobalSection(ExtensibilityGlobals) = postSolution
		SolutionGuid = {98B032BC-B84A-44F4-9289-7C93257E6F52}
	EndGlobalSection
EndGlobal
