
Microsoft Visual Studio Solution File, Format Version 12.00
# Visual Studio 15
VisualStudioVersion = 15.0.27130.2024
MinimumVisualStudioVersion = 10.0.40219.1
Project("{FAE04EC0-301F-11D3-BF4B-00C04F79EFBC}") = "Exercise6", "Exercise6\Exercise6.csproj", "{220D1E51-BB4B-423F-A452-61DDD9DF0E7C}"
EndProject
Global
	GlobalSection(SolutionConfigurationPlatforms) = preSolution
		Debug|Any CPU = Debug|Any CPU
		Release|Any CPU = Release|Any CPU
	EndGlobalSection
	GlobalSection(ProjectConfigurationPlatforms) = postSolution
		{220D1E51-BB4B-423F-A452-61DDD9DF0E7C}.Debug|Any CPU.ActiveCfg = Debug|Any CPU
		{220D1E51-BB4B-423F-A452-61DDD9DF0E7C}.Debug|Any CPU.Build.0 = Debug|Any CPU
		{220D1E51-BB4B-423F-A452-61DDD9DF0E7C}.Release|Any CPU.ActiveCfg = Release|Any CPU
		{220D1E51-BB4B-423F-A452-61DDD9DF0E7C}.Release|Any CPU.Build.0 = Release|Any CPU
	EndGlobalSection
	GlobalSection(SolutionProperties) = preSolution
		HideSolutionNode = FALSE
	EndGlobalSection
	GlobalSection(ExtensibilityGlobals) = postSolution
		SolutionGuid = {E888EC34-3225-4F24-8F59-5182788E2157}
	EndGlobalSection
EndGlobal
