
Microsoft Visual Studio Solution File, Format Version 12.00
# Visual Studio 15
VisualStudioVersion = 15.0.27130.2024
MinimumVisualStudioVersion = 10.0.40219.1
Project("{FAE04EC0-301F-11D3-BF4B-00C04F79EFBC}") = "ExceptionHandler", "ExceptionHandler\ExceptionHandler.csproj", "{3FAA365D-CB06-4BC7-AFC2-643099EA49EF}"
EndProject
Global
	GlobalSection(SolutionConfigurationPlatforms) = preSolution
		Debug|Any CPU = Debug|Any CPU
		Release|Any CPU = Release|Any CPU
	EndGlobalSection
	GlobalSection(ProjectConfigurationPlatforms) = postSolution
		{3FAA365D-CB06-4BC7-AFC2-643099EA49EF}.Debug|Any CPU.ActiveCfg = Debug|Any CPU
		{3FAA365D-CB06-4BC7-AFC2-643099EA49EF}.Debug|Any CPU.Build.0 = Debug|Any CPU
		{3FAA365D-CB06-4BC7-AFC2-643099EA49EF}.Release|Any CPU.ActiveCfg = Release|Any CPU
		{3FAA365D-CB06-4BC7-AFC2-643099EA49EF}.Release|Any CPU.Build.0 = Release|Any CPU
	EndGlobalSection
	GlobalSection(SolutionProperties) = preSolution
		HideSolutionNode = FALSE
	EndGlobalSection
	GlobalSection(ExtensibilityGlobals) = postSolution
		SolutionGuid = {29F1A6C2-DA11-4ABE-81CB-5203AD3CFB2A}
	EndGlobalSection
EndGlobal
