
Microsoft Visual Studio Solution File, Format Version 12.00
# Visual Studio 15
VisualStudioVersion = 15.0.27130.2024
MinimumVisualStudioVersion = 10.0.40219.1
Project("{FAE04EC0-301F-11D3-BF4B-00C04F79EFBC}") = "SeventhExercise", "SeventhExercise\SeventhExercise.csproj", "{43A650F9-E4CA-4E11-8187-6710C6DBF46F}"
EndProject
Global
	GlobalSection(SolutionConfigurationPlatforms) = preSolution
		Debug|Any CPU = Debug|Any CPU
		Release|Any CPU = Release|Any CPU
	EndGlobalSection
	GlobalSection(ProjectConfigurationPlatforms) = postSolution
		{43A650F9-E4CA-4E11-8187-6710C6DBF46F}.Debug|Any CPU.ActiveCfg = Debug|Any CPU
		{43A650F9-E4CA-4E11-8187-6710C6DBF46F}.Debug|Any CPU.Build.0 = Debug|Any CPU
		{43A650F9-E4CA-4E11-8187-6710C6DBF46F}.Release|Any CPU.ActiveCfg = Release|Any CPU
		{43A650F9-E4CA-4E11-8187-6710C6DBF46F}.Release|Any CPU.Build.0 = Release|Any CPU
	EndGlobalSection
	GlobalSection(SolutionProperties) = preSolution
		HideSolutionNode = FALSE
	EndGlobalSection
	GlobalSection(ExtensibilityGlobals) = postSolution
		SolutionGuid = {B232AD13-231E-4E08-B697-93EBD68F6C0D}
	EndGlobalSection
EndGlobal
