
Microsoft Visual Studio Solution File, Format Version 12.00
# Visual Studio 15
VisualStudioVersion = 15.0.27130.2024
MinimumVisualStudioVersion = 10.0.40219.1
Project("{FAE04EC0-301F-11D3-BF4B-00C04F79EFBC}") = "Dictionary", "Dictionary\Dictionary.csproj", "{87EFBD88-0EB9-4938-9732-1383097EE399}"
EndProject
Global
	GlobalSection(SolutionConfigurationPlatforms) = preSolution
		Debug|Any CPU = Debug|Any CPU
		Release|Any CPU = Release|Any CPU
	EndGlobalSection
	GlobalSection(ProjectConfigurationPlatforms) = postSolution
		{87EFBD88-0EB9-4938-9732-1383097EE399}.Debug|Any CPU.ActiveCfg = Debug|Any CPU
		{87EFBD88-0EB9-4938-9732-1383097EE399}.Debug|Any CPU.Build.0 = Debug|Any CPU
		{87EFBD88-0EB9-4938-9732-1383097EE399}.Release|Any CPU.ActiveCfg = Release|Any CPU
		{87EFBD88-0EB9-4938-9732-1383097EE399}.Release|Any CPU.Build.0 = Release|Any CPU
	EndGlobalSection
	GlobalSection(SolutionProperties) = preSolution
		HideSolutionNode = FALSE
	EndGlobalSection
	GlobalSection(ExtensibilityGlobals) = postSolution
		SolutionGuid = {687ED9F2-58F7-4292-AA62-1903A55F99AF}
	EndGlobalSection
EndGlobal
