
Microsoft Visual Studio Solution File, Format Version 12.00
# Visual Studio 15
VisualStudioVersion = 15.0.27130.2024
MinimumVisualStudioVersion = 10.0.40219.1
Project("{FAE04EC0-301F-11D3-BF4B-00C04F79EFBC}") = "StringType", "StringType\StringType.csproj", "{C7AAABBA-55B3-4832-93F5-F70084402F1B}"
EndProject
Global
	GlobalSection(SolutionConfigurationPlatforms) = preSolution
		Debug|Any CPU = Debug|Any CPU
		Release|Any CPU = Release|Any CPU
	EndGlobalSection
	GlobalSection(ProjectConfigurationPlatforms) = postSolution
		{C7AAABBA-55B3-4832-93F5-F70084402F1B}.Debug|Any CPU.ActiveCfg = Debug|Any CPU
		{C7AAABBA-55B3-4832-93F5-F70084402F1B}.Debug|Any CPU.Build.0 = Debug|Any CPU
		{C7AAABBA-55B3-4832-93F5-F70084402F1B}.Release|Any CPU.ActiveCfg = Release|Any CPU
		{C7AAABBA-55B3-4832-93F5-F70084402F1B}.Release|Any CPU.Build.0 = Release|Any CPU
	EndGlobalSection
	GlobalSection(SolutionProperties) = preSolution
		HideSolutionNode = FALSE
	EndGlobalSection
	GlobalSection(ExtensibilityGlobals) = postSolution
		SolutionGuid = {2BED1429-AF24-4CBB-8879-527BF8820975}
	EndGlobalSection
EndGlobal
