
Microsoft Visual Studio Solution File, Format Version 12.00
# Visual Studio 15
VisualStudioVersion = 15.0.27130.2024
MinimumVisualStudioVersion = 10.0.40219.1
Project("{FAE04EC0-301F-11D3-BF4B-00C04F79EFBC}") = "DelegatesExample", "DelegatesExample\DelegatesExample.csproj", "{AE77D1C8-1ADD-44AA-B198-80181F6C0567}"
EndProject
Global
	GlobalSection(SolutionConfigurationPlatforms) = preSolution
		Debug|Any CPU = Debug|Any CPU
		Release|Any CPU = Release|Any CPU
	EndGlobalSection
	GlobalSection(ProjectConfigurationPlatforms) = postSolution
		{AE77D1C8-1ADD-44AA-B198-80181F6C0567}.Debug|Any CPU.ActiveCfg = Debug|Any CPU
		{AE77D1C8-1ADD-44AA-B198-80181F6C0567}.Debug|Any CPU.Build.0 = Debug|Any CPU
		{AE77D1C8-1ADD-44AA-B198-80181F6C0567}.Release|Any CPU.ActiveCfg = Release|Any CPU
		{AE77D1C8-1ADD-44AA-B198-80181F6C0567}.Release|Any CPU.Build.0 = Release|Any CPU
	EndGlobalSection
	GlobalSection(SolutionProperties) = preSolution
		HideSolutionNode = FALSE
	EndGlobalSection
	GlobalSection(ExtensibilityGlobals) = postSolution
		SolutionGuid = {61112C21-1564-4A71-8C64-C2FC868FDFCC}
	EndGlobalSection
EndGlobal
