
Microsoft Visual Studio Solution File, Format Version 12.00
# Visual Studio 15
VisualStudioVersion = 15.0.27130.2024
MinimumVisualStudioVersion = 10.0.40219.1
Project("{FAE04EC0-301F-11D3-BF4B-00C04F79EFBC}") = "Exercise5", "Exercise5\Exercise5.csproj", "{CEFAA8CE-F29F-448C-A097-DA4AAAE44DC2}"
EndProject
Global
	GlobalSection(SolutionConfigurationPlatforms) = preSolution
		Debug|Any CPU = Debug|Any CPU
		Release|Any CPU = Release|Any CPU
	EndGlobalSection
	GlobalSection(ProjectConfigurationPlatforms) = postSolution
		{CEFAA8CE-F29F-448C-A097-DA4AAAE44DC2}.Debug|Any CPU.ActiveCfg = Debug|Any CPU
		{CEFAA8CE-F29F-448C-A097-DA4AAAE44DC2}.Debug|Any CPU.Build.0 = Debug|Any CPU
		{CEFAA8CE-F29F-448C-A097-DA4AAAE44DC2}.Release|Any CPU.ActiveCfg = Release|Any CPU
		{CEFAA8CE-F29F-448C-A097-DA4AAAE44DC2}.Release|Any CPU.Build.0 = Release|Any CPU
	EndGlobalSection
	GlobalSection(SolutionProperties) = preSolution
		HideSolutionNode = FALSE
	EndGlobalSection
	GlobalSection(ExtensibilityGlobals) = postSolution
		SolutionGuid = {5C3116FA-7E14-41FB-9EFE-29DF091CF6C4}
	EndGlobalSection
EndGlobal
