
Microsoft Visual Studio Solution File, Format Version 12.00
# Visual Studio 15
VisualStudioVersion = 15.0.27130.2024
MinimumVisualStudioVersion = 10.0.40219.1
Project("{FAE04EC0-301F-11D3-BF4B-00C04F79EFBC}") = "BreakStatement", "BreakStatement\BreakStatement.csproj", "{D2E24B6C-5AE8-4DD6-87EB-21DBDADADF39}"
EndProject
Global
	GlobalSection(SolutionConfigurationPlatforms) = preSolution
		Debug|Any CPU = Debug|Any CPU
		Release|Any CPU = Release|Any CPU
	EndGlobalSection
	GlobalSection(ProjectConfigurationPlatforms) = postSolution
		{D2E24B6C-5AE8-4DD6-87EB-21DBDADADF39}.Debug|Any CPU.ActiveCfg = Debug|Any CPU
		{D2E24B6C-5AE8-4DD6-87EB-21DBDADADF39}.Debug|Any CPU.Build.0 = Debug|Any CPU
		{D2E24B6C-5AE8-4DD6-87EB-21DBDADADF39}.Release|Any CPU.ActiveCfg = Release|Any CPU
		{D2E24B6C-5AE8-4DD6-87EB-21DBDADADF39}.Release|Any CPU.Build.0 = Release|Any CPU
	EndGlobalSection
	GlobalSection(SolutionProperties) = preSolution
		HideSolutionNode = FALSE
	EndGlobalSection
	GlobalSection(ExtensibilityGlobals) = postSolution
		SolutionGuid = {0F1607CC-2BE4-442F-BF7B-829783ABB74E}
	EndGlobalSection
EndGlobal
