
Microsoft Visual Studio Solution File, Format Version 12.00
# Visual Studio 15
VisualStudioVersion = 15.0.27130.2024
MinimumVisualStudioVersion = 10.0.40219.1
Project("{FAE04EC0-301F-11D3-BF4B-00C04F79EFBC}") = "InheritanceExampleOne", "InheritanceExampleOne\InheritanceExampleOne.csproj", "{68C2DE90-8F5B-4EC8-B3E2-2FA56F7C8BEA}"
EndProject
Global
	GlobalSection(SolutionConfigurationPlatforms) = preSolution
		Debug|Any CPU = Debug|Any CPU
		Release|Any CPU = Release|Any CPU
	EndGlobalSection
	GlobalSection(ProjectConfigurationPlatforms) = postSolution
		{68C2DE90-8F5B-4EC8-B3E2-2FA56F7C8BEA}.Debug|Any CPU.ActiveCfg = Debug|Any CPU
		{68C2DE90-8F5B-4EC8-B3E2-2FA56F7C8BEA}.Debug|Any CPU.Build.0 = Debug|Any CPU
		{68C2DE90-8F5B-4EC8-B3E2-2FA56F7C8BEA}.Release|Any CPU.ActiveCfg = Release|Any CPU
		{68C2DE90-8F5B-4EC8-B3E2-2FA56F7C8BEA}.Release|Any CPU.Build.0 = Release|Any CPU
	EndGlobalSection
	GlobalSection(SolutionProperties) = preSolution
		HideSolutionNode = FALSE
	EndGlobalSection
	GlobalSection(ExtensibilityGlobals) = postSolution
		SolutionGuid = {0AE92514-A508-462C-8EEB-79FDF014DA67}
	EndGlobalSection
EndGlobal
