
Microsoft Visual Studio Solution File, Format Version 12.00
# Visual Studio 15
VisualStudioVersion = 15.0.27130.2024
MinimumVisualStudioVersion = 10.0.40219.1
Project("{FAE04EC0-301F-11D3-BF4B-00C04F79EFBC}") = "OOPgame", "OOPgame\OOPgame.csproj", "{CF750AB7-9B5C-4A90-AC09-3E9CA626FA72}"
EndProject
Global
	GlobalSection(SolutionConfigurationPlatforms) = preSolution
		Debug|Any CPU = Debug|Any CPU
		Release|Any CPU = Release|Any CPU
	EndGlobalSection
	GlobalSection(ProjectConfigurationPlatforms) = postSolution
		{CF750AB7-9B5C-4A90-AC09-3E9CA626FA72}.Debug|Any CPU.ActiveCfg = Debug|Any CPU
		{CF750AB7-9B5C-4A90-AC09-3E9CA626FA72}.Debug|Any CPU.Build.0 = Debug|Any CPU
		{CF750AB7-9B5C-4A90-AC09-3E9CA626FA72}.Release|Any CPU.ActiveCfg = Release|Any CPU
		{CF750AB7-9B5C-4A90-AC09-3E9CA626FA72}.Release|Any CPU.Build.0 = Release|Any CPU
	EndGlobalSection
	GlobalSection(SolutionProperties) = preSolution
		HideSolutionNode = FALSE
	EndGlobalSection
	GlobalSection(ExtensibilityGlobals) = postSolution
		SolutionGuid = {129A0366-6E19-45E5-9492-BD1884407098}
	EndGlobalSection
EndGlobal
