
Microsoft Visual Studio Solution File, Format Version 12.00
# Visual Studio 15
VisualStudioVersion = 15.0.27130.2024
MinimumVisualStudioVersion = 10.0.40219.1
Project("{FAE04EC0-301F-11D3-BF4B-00C04F79EFBC}") = "Override", "Override\Override.csproj", "{CBAD29FF-41F1-4AAE-B2DF-3BEFEA2B48D9}"
EndProject
Global
	GlobalSection(SolutionConfigurationPlatforms) = preSolution
		Debug|Any CPU = Debug|Any CPU
		Release|Any CPU = Release|Any CPU
	EndGlobalSection
	GlobalSection(ProjectConfigurationPlatforms) = postSolution
		{CBAD29FF-41F1-4AAE-B2DF-3BEFEA2B48D9}.Debug|Any CPU.ActiveCfg = Debug|Any CPU
		{CBAD29FF-41F1-4AAE-B2DF-3BEFEA2B48D9}.Debug|Any CPU.Build.0 = Debug|Any CPU
		{CBAD29FF-41F1-4AAE-B2DF-3BEFEA2B48D9}.Release|Any CPU.ActiveCfg = Release|Any CPU
		{CBAD29FF-41F1-4AAE-B2DF-3BEFEA2B48D9}.Release|Any CPU.Build.0 = Release|Any CPU
	EndGlobalSection
	GlobalSection(SolutionProperties) = preSolution
		HideSolutionNode = FALSE
	EndGlobalSection
	GlobalSection(ExtensibilityGlobals) = postSolution
		SolutionGuid = {A1F61F8B-F01A-4708-8EA9-AFE7F1A3C8BF}
	EndGlobalSection
EndGlobal
