
Microsoft Visual Studio Solution File, Format Version 12.00
# Visual Studio 15
VisualStudioVersion = 15.0.27130.2024
MinimumVisualStudioVersion = 10.0.40219.1
Project("{FAE04EC0-301F-11D3-BF4B-00C04F79EFBC}") = "InheritanceAndPolymorphism", "InheritanceAndPolymorphism\InheritanceAndPolymorphism.csproj", "{B31B1552-6266-4D79-A1F6-964B77FCDE62}"
EndProject
Global
	GlobalSection(SolutionConfigurationPlatforms) = preSolution
		Debug|Any CPU = Debug|Any CPU
		Release|Any CPU = Release|Any CPU
	EndGlobalSection
	GlobalSection(ProjectConfigurationPlatforms) = postSolution
		{B31B1552-6266-4D79-A1F6-964B77FCDE62}.Debug|Any CPU.ActiveCfg = Debug|Any CPU
		{B31B1552-6266-4D79-A1F6-964B77FCDE62}.Debug|Any CPU.Build.0 = Debug|Any CPU
		{B31B1552-6266-4D79-A1F6-964B77FCDE62}.Release|Any CPU.ActiveCfg = Release|Any CPU
		{B31B1552-6266-4D79-A1F6-964B77FCDE62}.Release|Any CPU.Build.0 = Release|Any CPU
	EndGlobalSection
	GlobalSection(SolutionProperties) = preSolution
		HideSolutionNode = FALSE
	EndGlobalSection
	GlobalSection(ExtensibilityGlobals) = postSolution
		SolutionGuid = {C46FBBE2-B29E-41C8-A221-4995C6010D88}
	EndGlobalSection
EndGlobal
