
Microsoft Visual Studio Solution File, Format Version 12.00
# Visual Studio 15
VisualStudioVersion = 15.0.27130.2024
MinimumVisualStudioVersion = 10.0.40219.1
Project("{FAE04EC0-301F-11D3-BF4B-00C04F79EFBC}") = "Exercise10", "Exercise10\Exercise10.csproj", "{D32BD558-0121-4E71-81AC-D9FBA4CE991E}"
EndProject
Global
	GlobalSection(SolutionConfigurationPlatforms) = preSolution
		Debug|Any CPU = Debug|Any CPU
		Release|Any CPU = Release|Any CPU
	EndGlobalSection
	GlobalSection(ProjectConfigurationPlatforms) = postSolution
		{D32BD558-0121-4E71-81AC-D9FBA4CE991E}.Debug|Any CPU.ActiveCfg = Debug|Any CPU
		{D32BD558-0121-4E71-81AC-D9FBA4CE991E}.Debug|Any CPU.Build.0 = Debug|Any CPU
		{D32BD558-0121-4E71-81AC-D9FBA4CE991E}.Release|Any CPU.ActiveCfg = Release|Any CPU
		{D32BD558-0121-4E71-81AC-D9FBA4CE991E}.Release|Any CPU.Build.0 = Release|Any CPU
	EndGlobalSection
	GlobalSection(SolutionProperties) = preSolution
		HideSolutionNode = FALSE
	EndGlobalSection
	GlobalSection(ExtensibilityGlobals) = postSolution
		SolutionGuid = {AF1D4129-6A9E-4107-8BB3-2290B8129C34}
	EndGlobalSection
EndGlobal
