
Microsoft Visual Studio Solution File, Format Version 12.00
# Visual Studio 15
VisualStudioVersion = 15.0.27130.2024
MinimumVisualStudioVersion = 10.0.40219.1
Project("{FAE04EC0-301F-11D3-BF4B-00C04F79EFBC}") = "TwoDimensionArray", "TwoDimensionArray\TwoDimensionArray.csproj", "{27A023A3-759C-4D10-B249-431830075024}"
EndProject
Global
	GlobalSection(SolutionConfigurationPlatforms) = preSolution
		Debug|Any CPU = Debug|Any CPU
		Release|Any CPU = Release|Any CPU
	EndGlobalSection
	GlobalSection(ProjectConfigurationPlatforms) = postSolution
		{27A023A3-759C-4D10-B249-431830075024}.Debug|Any CPU.ActiveCfg = Debug|Any CPU
		{27A023A3-759C-4D10-B249-431830075024}.Debug|Any CPU.Build.0 = Debug|Any CPU
		{27A023A3-759C-4D10-B249-431830075024}.Release|Any CPU.ActiveCfg = Release|Any CPU
		{27A023A3-759C-4D10-B249-431830075024}.Release|Any CPU.Build.0 = Release|Any CPU
	EndGlobalSection
	GlobalSection(SolutionProperties) = preSolution
		HideSolutionNode = FALSE
	EndGlobalSection
	GlobalSection(ExtensibilityGlobals) = postSolution
		SolutionGuid = {B5E913B6-5E07-4D4B-85FD-55A996972DB5}
	EndGlobalSection
EndGlobal
