
Microsoft Visual Studio Solution File, Format Version 12.00
# Visual Studio 15
VisualStudioVersion = 15.0.27130.2024
MinimumVisualStudioVersion = 10.0.40219.1
Project("{FAE04EC0-301F-11D3-BF4B-00C04F79EFBC}") = "Division", "Division\Division.csproj", "{F7128EFA-C0D5-49E3-8718-DF2F88E0FA0D}"
EndProject
Global
	GlobalSection(SolutionConfigurationPlatforms) = preSolution
		Debug|Any CPU = Debug|Any CPU
		Release|Any CPU = Release|Any CPU
	EndGlobalSection
	GlobalSection(ProjectConfigurationPlatforms) = postSolution
		{F7128EFA-C0D5-49E3-8718-DF2F88E0FA0D}.Debug|Any CPU.ActiveCfg = Debug|Any CPU
		{F7128EFA-C0D5-49E3-8718-DF2F88E0FA0D}.Debug|Any CPU.Build.0 = Debug|Any CPU
		{F7128EFA-C0D5-49E3-8718-DF2F88E0FA0D}.Release|Any CPU.ActiveCfg = Release|Any CPU
		{F7128EFA-C0D5-49E3-8718-DF2F88E0FA0D}.Release|Any CPU.Build.0 = Release|Any CPU
	EndGlobalSection
	GlobalSection(SolutionProperties) = preSolution
		HideSolutionNode = FALSE
	EndGlobalSection
	GlobalSection(ExtensibilityGlobals) = postSolution
		SolutionGuid = {2E6CE313-98FD-4D96-A57C-9A98C61CD75B}
	EndGlobalSection
EndGlobal
