
Microsoft Visual Studio Solution File, Format Version 12.00
# Visual Studio 15
VisualStudioVersion = 15.0.27130.2024
MinimumVisualStudioVersion = 10.0.40219.1
Project("{FAE04EC0-301F-11D3-BF4B-00C04F79EFBC}") = "ClassDemoConstr", "ClassDemoConstr\ClassDemoConstr.csproj", "{7303DC07-D0E4-4F1E-ACC5-5DFE107D59FD}"
EndProject
Global
	GlobalSection(SolutionConfigurationPlatforms) = preSolution
		Debug|Any CPU = Debug|Any CPU
		Release|Any CPU = Release|Any CPU
	EndGlobalSection
	GlobalSection(ProjectConfigurationPlatforms) = postSolution
		{7303DC07-D0E4-4F1E-ACC5-5DFE107D59FD}.Debug|Any CPU.ActiveCfg = Debug|Any CPU
		{7303DC07-D0E4-4F1E-ACC5-5DFE107D59FD}.Debug|Any CPU.Build.0 = Debug|Any CPU
		{7303DC07-D0E4-4F1E-ACC5-5DFE107D59FD}.Release|Any CPU.ActiveCfg = Release|Any CPU
		{7303DC07-D0E4-4F1E-ACC5-5DFE107D59FD}.Release|Any CPU.Build.0 = Release|Any CPU
	EndGlobalSection
	GlobalSection(SolutionProperties) = preSolution
		HideSolutionNode = FALSE
	EndGlobalSection
	GlobalSection(ExtensibilityGlobals) = postSolution
		SolutionGuid = {531EE4BF-2A17-4697-8C0F-2CF4B3A6F686}
	EndGlobalSection
EndGlobal
