
Microsoft Visual Studio Solution File, Format Version 12.00
# Visual Studio 15
VisualStudioVersion = 15.0.27130.2024
MinimumVisualStudioVersion = 10.0.40219.1
Project("{FAE04EC0-301F-11D3-BF4B-00C04F79EFBC}") = "LogicalOperators", "LogicalOperators\LogicalOperators.csproj", "{C361A34D-83BF-49A0-8ACA-8792CE302106}"
EndProject
Global
	GlobalSection(SolutionConfigurationPlatforms) = preSolution
		Debug|Any CPU = Debug|Any CPU
		Release|Any CPU = Release|Any CPU
	EndGlobalSection
	GlobalSection(ProjectConfigurationPlatforms) = postSolution
		{C361A34D-83BF-49A0-8ACA-8792CE302106}.Debug|Any CPU.ActiveCfg = Debug|Any CPU
		{C361A34D-83BF-49A0-8ACA-8792CE302106}.Debug|Any CPU.Build.0 = Debug|Any CPU
		{C361A34D-83BF-49A0-8ACA-8792CE302106}.Release|Any CPU.ActiveCfg = Release|Any CPU
		{C361A34D-83BF-49A0-8ACA-8792CE302106}.Release|Any CPU.Build.0 = Release|Any CPU
	EndGlobalSection
	GlobalSection(SolutionProperties) = preSolution
		HideSolutionNode = FALSE
	EndGlobalSection
	GlobalSection(ExtensibilityGlobals) = postSolution
		SolutionGuid = {22980F53-FF3D-4FEE-AE0C-36536BB36991}
	EndGlobalSection
EndGlobal
