
Microsoft Visual Studio Solution File, Format Version 12.00
# Visual Studio 15
VisualStudioVersion = 15.0.27130.2024
MinimumVisualStudioVersion = 10.0.40219.1
Project("{FAE04EC0-301F-11D3-BF4B-00C04F79EFBC}") = "LINQsumSelector", "LINQsumSelector\LINQsumSelector.csproj", "{5BBB662D-FB5D-41CC-A101-7D9CF1492A66}"
EndProject
Global
	GlobalSection(SolutionConfigurationPlatforms) = preSolution
		Debug|Any CPU = Debug|Any CPU
		Release|Any CPU = Release|Any CPU
	EndGlobalSection
	GlobalSection(ProjectConfigurationPlatforms) = postSolution
		{5BBB662D-FB5D-41CC-A101-7D9CF1492A66}.Debug|Any CPU.ActiveCfg = Debug|Any CPU
		{5BBB662D-FB5D-41CC-A101-7D9CF1492A66}.Debug|Any CPU.Build.0 = Debug|Any CPU
		{5BBB662D-FB5D-41CC-A101-7D9CF1492A66}.Release|Any CPU.ActiveCfg = Release|Any CPU
		{5BBB662D-FB5D-41CC-A101-7D9CF1492A66}.Release|Any CPU.Build.0 = Release|Any CPU
	EndGlobalSection
	GlobalSection(SolutionProperties) = preSolution
		HideSolutionNode = FALSE
	EndGlobalSection
	GlobalSection(ExtensibilityGlobals) = postSolution
		SolutionGuid = {8E95D148-D72C-4A47-A321-11CB093E6FDD}
	EndGlobalSection
EndGlobal
