
Microsoft Visual Studio Solution File, Format Version 12.00
# Visual Studio 15
VisualStudioVersion = 15.0.27130.2024
MinimumVisualStudioVersion = 10.0.40219.1
Project("{FAE04EC0-301F-11D3-BF4B-00C04F79EFBC}") = "MaxWithQuerySyntax", "MaxWithQuerySyntax\MaxWithQuerySyntax.csproj", "{55456861-58AD-4432-A853-95D903984489}"
EndProject
Global
	GlobalSection(SolutionConfigurationPlatforms) = preSolution
		Debug|Any CPU = Debug|Any CPU
		Release|Any CPU = Release|Any CPU
	EndGlobalSection
	GlobalSection(ProjectConfigurationPlatforms) = postSolution
		{55456861-58AD-4432-A853-95D903984489}.Debug|Any CPU.ActiveCfg = Debug|Any CPU
		{55456861-58AD-4432-A853-95D903984489}.Debug|Any CPU.Build.0 = Debug|Any CPU
		{55456861-58AD-4432-A853-95D903984489}.Release|Any CPU.ActiveCfg = Release|Any CPU
		{55456861-58AD-4432-A853-95D903984489}.Release|Any CPU.Build.0 = Release|Any CPU
	EndGlobalSection
	GlobalSection(SolutionProperties) = preSolution
		HideSolutionNode = FALSE
	EndGlobalSection
	GlobalSection(ExtensibilityGlobals) = postSolution
		SolutionGuid = {1F7857F5-A811-4E5E-A6D7-BCFCCE729640}
	EndGlobalSection
EndGlobal
