
Microsoft Visual Studio Solution File, Format Version 12.00
# Visual Studio 15
VisualStudioVersion = 15.0.27130.2024
MinimumVisualStudioVersion = 10.0.40219.1
Project("{FAE04EC0-301F-11D3-BF4B-00C04F79EFBC}") = "ExampleFirst", "ExampleFirst\ExampleFirst.csproj", "{A0F1F2AF-1378-4183-B349-E10D9A0D7CA6}"
EndProject
Global
	GlobalSection(SolutionConfigurationPlatforms) = preSolution
		Debug|Any CPU = Debug|Any CPU
		Release|Any CPU = Release|Any CPU
	EndGlobalSection
	GlobalSection(ProjectConfigurationPlatforms) = postSolution
		{A0F1F2AF-1378-4183-B349-E10D9A0D7CA6}.Debug|Any CPU.ActiveCfg = Debug|Any CPU
		{A0F1F2AF-1378-4183-B349-E10D9A0D7CA6}.Debug|Any CPU.Build.0 = Debug|Any CPU
		{A0F1F2AF-1378-4183-B349-E10D9A0D7CA6}.Release|Any CPU.ActiveCfg = Release|Any CPU
		{A0F1F2AF-1378-4183-B349-E10D9A0D7CA6}.Release|Any CPU.Build.0 = Release|Any CPU
	EndGlobalSection
	GlobalSection(SolutionProperties) = preSolution
		HideSolutionNode = FALSE
	EndGlobalSection
	GlobalSection(ExtensibilityGlobals) = postSolution
		SolutionGuid = {8A368019-A716-4548-BCE6-8CBDA0D372E7}
	EndGlobalSection
EndGlobal
