
Microsoft Visual Studio Solution File, Format Version 12.00
# Visual Studio 15
VisualStudioVersion = 15.0.27130.2024
MinimumVisualStudioVersion = 10.0.40219.1
Project("{FAE04EC0-301F-11D3-BF4B-00C04F79EFBC}") = "ComparingStringOne", "ComparingStringOne\ComparingStringOne.csproj", "{58194311-2868-4F66-855D-92B9C1796087}"
EndProject
Global
	GlobalSection(SolutionConfigurationPlatforms) = preSolution
		Debug|Any CPU = Debug|Any CPU
		Release|Any CPU = Release|Any CPU
	EndGlobalSection
	GlobalSection(ProjectConfigurationPlatforms) = postSolution
		{58194311-2868-4F66-855D-92B9C1796087}.Debug|Any CPU.ActiveCfg = Debug|Any CPU
		{58194311-2868-4F66-855D-92B9C1796087}.Debug|Any CPU.Build.0 = Debug|Any CPU
		{58194311-2868-4F66-855D-92B9C1796087}.Release|Any CPU.ActiveCfg = Release|Any CPU
		{58194311-2868-4F66-855D-92B9C1796087}.Release|Any CPU.Build.0 = Release|Any CPU
	EndGlobalSection
	GlobalSection(SolutionProperties) = preSolution
		HideSolutionNode = FALSE
	EndGlobalSection
	GlobalSection(ExtensibilityGlobals) = postSolution
		SolutionGuid = {F90E5A4A-E22F-459F-8475-480D42FCAF27}
	EndGlobalSection
EndGlobal
