
Microsoft Visual Studio Solution File, Format Version 12.00
# Visual Studio 15
VisualStudioVersion = 15.0.27130.2024
MinimumVisualStudioVersion = 10.0.40219.1
Project("{FAE04EC0-301F-11D3-BF4B-00C04F79EFBC}") = "Inheritance", "Inheritance\Inheritance.csproj", "{73C8B524-AC44-483B-B704-7176B0C7798C}"
EndProject
Global
	GlobalSection(SolutionConfigurationPlatforms) = preSolution
		Debug|Any CPU = Debug|Any CPU
		Release|Any CPU = Release|Any CPU
	EndGlobalSection
	GlobalSection(ProjectConfigurationPlatforms) = postSolution
		{73C8B524-AC44-483B-B704-7176B0C7798C}.Debug|Any CPU.ActiveCfg = Debug|Any CPU
		{73C8B524-AC44-483B-B704-7176B0C7798C}.Debug|Any CPU.Build.0 = Debug|Any CPU
		{73C8B524-AC44-483B-B704-7176B0C7798C}.Release|Any CPU.ActiveCfg = Release|Any CPU
		{73C8B524-AC44-483B-B704-7176B0C7798C}.Release|Any CPU.Build.0 = Release|Any CPU
	EndGlobalSection
	GlobalSection(SolutionProperties) = preSolution
		HideSolutionNode = FALSE
	EndGlobalSection
	GlobalSection(ExtensibilityGlobals) = postSolution
		SolutionGuid = {570607DE-3D23-4918-82FF-735836789667}
	EndGlobalSection
EndGlobal
