
Microsoft Visual Studio Solution File, Format Version 12.00
# Visual Studio 15
VisualStudioVersion = 15.0.27130.2024
MinimumVisualStudioVersion = 10.0.40219.1
Project("{FAE04EC0-301F-11D3-BF4B-00C04F79EFBC}") = "InitializingArrays", "InitializingArrays\InitializingArrays.csproj", "{E80384DD-4AF1-4642-868D-E9FB71FE85D8}"
EndProject
Global
	GlobalSection(SolutionConfigurationPlatforms) = preSolution
		Debug|Any CPU = Debug|Any CPU
		Release|Any CPU = Release|Any CPU
	EndGlobalSection
	GlobalSection(ProjectConfigurationPlatforms) = postSolution
		{E80384DD-4AF1-4642-868D-E9FB71FE85D8}.Debug|Any CPU.ActiveCfg = Debug|Any CPU
		{E80384DD-4AF1-4642-868D-E9FB71FE85D8}.Debug|Any CPU.Build.0 = Debug|Any CPU
		{E80384DD-4AF1-4642-868D-E9FB71FE85D8}.Release|Any CPU.ActiveCfg = Release|Any CPU
		{E80384DD-4AF1-4642-868D-E9FB71FE85D8}.Release|Any CPU.Build.0 = Release|Any CPU
	EndGlobalSection
	GlobalSection(SolutionProperties) = preSolution
		HideSolutionNode = FALSE
	EndGlobalSection
	GlobalSection(ExtensibilityGlobals) = postSolution
		SolutionGuid = {3610A3F4-CD1A-4134-BCA3-8B2DB495E7E3}
	EndGlobalSection
EndGlobal
