
Microsoft Visual Studio Solution File, Format Version 12.00
# Visual Studio 15
VisualStudioVersion = 15.0.27130.2024
MinimumVisualStudioVersion = 10.0.40219.1
Project("{FAE04EC0-301F-11D3-BF4B-00C04F79EFBC}") = "Exercise11", "Exercise11\Exercise11.csproj", "{D7C459C6-2043-4B2D-B4B2-C8C5C8AE5962}"
EndProject
Global
	GlobalSection(SolutionConfigurationPlatforms) = preSolution
		Debug|Any CPU = Debug|Any CPU
		Release|Any CPU = Release|Any CPU
	EndGlobalSection
	GlobalSection(ProjectConfigurationPlatforms) = postSolution
		{D7C459C6-2043-4B2D-B4B2-C8C5C8AE5962}.Debug|Any CPU.ActiveCfg = Debug|Any CPU
		{D7C459C6-2043-4B2D-B4B2-C8C5C8AE5962}.Debug|Any CPU.Build.0 = Debug|Any CPU
		{D7C459C6-2043-4B2D-B4B2-C8C5C8AE5962}.Release|Any CPU.ActiveCfg = Release|Any CPU
		{D7C459C6-2043-4B2D-B4B2-C8C5C8AE5962}.Release|Any CPU.Build.0 = Release|Any CPU
	EndGlobalSection
	GlobalSection(SolutionProperties) = preSolution
		HideSolutionNode = FALSE
	EndGlobalSection
	GlobalSection(ExtensibilityGlobals) = postSolution
		SolutionGuid = {7988E671-A988-4151-8B0D-7B00473C808B}
	EndGlobalSection
EndGlobal
