
Microsoft Visual Studio Solution File, Format Version 12.00
# Visual Studio 15
VisualStudioVersion = 15.0.27130.2024
MinimumVisualStudioVersion = 10.0.40219.1
Project("{FAE04EC0-301F-11D3-BF4B-00C04F79EFBC}") = "MethodsEnum", "MethodsEnum\MethodsEnum.csproj", "{2A53B1FF-C2A7-400A-ACB2-6A15C9E6B7F6}"
EndProject
Global
	GlobalSection(SolutionConfigurationPlatforms) = preSolution
		Debug|Any CPU = Debug|Any CPU
		Release|Any CPU = Release|Any CPU
	EndGlobalSection
	GlobalSection(ProjectConfigurationPlatforms) = postSolution
		{2A53B1FF-C2A7-400A-ACB2-6A15C9E6B7F6}.Debug|Any CPU.ActiveCfg = Debug|Any CPU
		{2A53B1FF-C2A7-400A-ACB2-6A15C9E6B7F6}.Debug|Any CPU.Build.0 = Debug|Any CPU
		{2A53B1FF-C2A7-400A-ACB2-6A15C9E6B7F6}.Release|Any CPU.ActiveCfg = Release|Any CPU
		{2A53B1FF-C2A7-400A-ACB2-6A15C9E6B7F6}.Release|Any CPU.Build.0 = Release|Any CPU
	EndGlobalSection
	GlobalSection(SolutionProperties) = preSolution
		HideSolutionNode = FALSE
	EndGlobalSection
	GlobalSection(ExtensibilityGlobals) = postSolution
		SolutionGuid = {1F5A8EF9-B02E-4CA6-8C02-A94AFF639A44}
	EndGlobalSection
EndGlobal
