
Microsoft Visual Studio Solution File, Format Version 12.00
# Visual Studio 15
VisualStudioVersion = 15.0.27130.2024
MinimumVisualStudioVersion = 10.0.40219.1
Project("{FAE04EC0-301F-11D3-BF4B-00C04F79EFBC}") = "ThreeDimensionalArray", "ThreeDimensionalArray\ThreeDimensionalArray.csproj", "{D995A074-D787-49DA-9331-498588E30A9C}"
EndProject
Global
	GlobalSection(SolutionConfigurationPlatforms) = preSolution
		Debug|Any CPU = Debug|Any CPU
		Release|Any CPU = Release|Any CPU
	EndGlobalSection
	GlobalSection(ProjectConfigurationPlatforms) = postSolution
		{D995A074-D787-49DA-9331-498588E30A9C}.Debug|Any CPU.ActiveCfg = Debug|Any CPU
		{D995A074-D787-49DA-9331-498588E30A9C}.Debug|Any CPU.Build.0 = Debug|Any CPU
		{D995A074-D787-49DA-9331-498588E30A9C}.Release|Any CPU.ActiveCfg = Release|Any CPU
		{D995A074-D787-49DA-9331-498588E30A9C}.Release|Any CPU.Build.0 = Release|Any CPU
	EndGlobalSection
	GlobalSection(SolutionProperties) = preSolution
		HideSolutionNode = FALSE
	EndGlobalSection
	GlobalSection(ExtensibilityGlobals) = postSolution
		SolutionGuid = {2B74D7FC-8A92-462A-9DEE-789E5D36565B}
	EndGlobalSection
EndGlobal
