
Microsoft Visual Studio Solution File, Format Version 12.00
# Visual Studio 15
VisualStudioVersion = 15.0.27130.2024
MinimumVisualStudioVersion = 10.0.40219.1
Project("{FAE04EC0-301F-11D3-BF4B-00C04F79EFBC}") = "ReversedArray", "ReversedArray\ReversedArray.csproj", "{EEB7E641-0BB6-476E-9FC5-DF36608C2C61}"
EndProject
Global
	GlobalSection(SolutionConfigurationPlatforms) = preSolution
		Debug|Any CPU = Debug|Any CPU
		Release|Any CPU = Release|Any CPU
	EndGlobalSection
	GlobalSection(ProjectConfigurationPlatforms) = postSolution
		{EEB7E641-0BB6-476E-9FC5-DF36608C2C61}.Debug|Any CPU.ActiveCfg = Debug|Any CPU
		{EEB7E641-0BB6-476E-9FC5-DF36608C2C61}.Debug|Any CPU.Build.0 = Debug|Any CPU
		{EEB7E641-0BB6-476E-9FC5-DF36608C2C61}.Release|Any CPU.ActiveCfg = Release|Any CPU
		{EEB7E641-0BB6-476E-9FC5-DF36608C2C61}.Release|Any CPU.Build.0 = Release|Any CPU
	EndGlobalSection
	GlobalSection(SolutionProperties) = preSolution
		HideSolutionNode = FALSE
	EndGlobalSection
	GlobalSection(ExtensibilityGlobals) = postSolution
		SolutionGuid = {8C105FF3-C955-4E88-977C-C08875DA63F0}
	EndGlobalSection
EndGlobal
