
Microsoft Visual Studio Solution File, Format Version 12.00
# Visual Studio 15
VisualStudioVersion = 15.0.27130.2024
MinimumVisualStudioVersion = 10.0.40219.1
Project("{FAE04EC0-301F-11D3-BF4B-00C04F79EFBC}") = "Exercise12", "Exercise12\Exercise12.csproj", "{A0051DF3-13C2-4A22-9693-9D110DC750DB}"
EndProject
Global
	GlobalSection(SolutionConfigurationPlatforms) = preSolution
		Debug|Any CPU = Debug|Any CPU
		Release|Any CPU = Release|Any CPU
	EndGlobalSection
	GlobalSection(ProjectConfigurationPlatforms) = postSolution
		{A0051DF3-13C2-4A22-9693-9D110DC750DB}.Debug|Any CPU.ActiveCfg = Debug|Any CPU
		{A0051DF3-13C2-4A22-9693-9D110DC750DB}.Debug|Any CPU.Build.0 = Debug|Any CPU
		{A0051DF3-13C2-4A22-9693-9D110DC750DB}.Release|Any CPU.ActiveCfg = Release|Any CPU
		{A0051DF3-13C2-4A22-9693-9D110DC750DB}.Release|Any CPU.Build.0 = Release|Any CPU
	EndGlobalSection
	GlobalSection(SolutionProperties) = preSolution
		HideSolutionNode = FALSE
	EndGlobalSection
	GlobalSection(ExtensibilityGlobals) = postSolution
		SolutionGuid = {7CFD5D43-FFF3-4C59-B795-542AA7352717}
	EndGlobalSection
EndGlobal
