
Microsoft Visual Studio Solution File, Format Version 12.00
# Visual Studio 15
VisualStudioVersion = 15.0.27130.2024
MinimumVisualStudioVersion = 10.0.40219.1
Project("{FAE04EC0-301F-11D3-BF4B-00C04F79EFBC}") = "OOPexampleFirst", "OOPexampleFirst\OOPexampleFirst.csproj", "{A6D71D19-5762-4B00-AB67-DC5ED42046EB}"
EndProject
Global
	GlobalSection(SolutionConfigurationPlatforms) = preSolution
		Debug|Any CPU = Debug|Any CPU
		Release|Any CPU = Release|Any CPU
	EndGlobalSection
	GlobalSection(ProjectConfigurationPlatforms) = postSolution
		{A6D71D19-5762-4B00-AB67-DC5ED42046EB}.Debug|Any CPU.ActiveCfg = Debug|Any CPU
		{A6D71D19-5762-4B00-AB67-DC5ED42046EB}.Debug|Any CPU.Build.0 = Debug|Any CPU
		{A6D71D19-5762-4B00-AB67-DC5ED42046EB}.Release|Any CPU.ActiveCfg = Release|Any CPU
		{A6D71D19-5762-4B00-AB67-DC5ED42046EB}.Release|Any CPU.Build.0 = Release|Any CPU
	EndGlobalSection
	GlobalSection(SolutionProperties) = preSolution
		HideSolutionNode = FALSE
	EndGlobalSection
	GlobalSection(ExtensibilityGlobals) = postSolution
		SolutionGuid = {58C72A5F-B67B-4ADF-B1F8-64B708CA568D}
	EndGlobalSection
EndGlobal
