
Microsoft Visual Studio Solution File, Format Version 12.00
# Visual Studio 15
VisualStudioVersion = 15.0.27130.2024
MinimumVisualStudioVersion = 10.0.40219.1
Project("{FAE04EC0-301F-11D3-BF4B-00C04F79EFBC}") = "ClassDemoTwo", "ClassDemoTwo\ClassDemoTwo.csproj", "{A947D326-4CBE-47A6-9629-B28FC54FBDE8}"
EndProject
Global
	GlobalSection(SolutionConfigurationPlatforms) = preSolution
		Debug|Any CPU = Debug|Any CPU
		Release|Any CPU = Release|Any CPU
	EndGlobalSection
	GlobalSection(ProjectConfigurationPlatforms) = postSolution
		{A947D326-4CBE-47A6-9629-B28FC54FBDE8}.Debug|Any CPU.ActiveCfg = Debug|Any CPU
		{A947D326-4CBE-47A6-9629-B28FC54FBDE8}.Debug|Any CPU.Build.0 = Debug|Any CPU
		{A947D326-4CBE-47A6-9629-B28FC54FBDE8}.Release|Any CPU.ActiveCfg = Release|Any CPU
		{A947D326-4CBE-47A6-9629-B28FC54FBDE8}.Release|Any CPU.Build.0 = Release|Any CPU
	EndGlobalSection
	GlobalSection(SolutionProperties) = preSolution
		HideSolutionNode = FALSE
	EndGlobalSection
	GlobalSection(ExtensibilityGlobals) = postSolution
		SolutionGuid = {A513144A-0E21-44EB-81BC-D2EE876B5D5E}
	EndGlobalSection
EndGlobal
