
Microsoft Visual Studio Solution File, Format Version 12.00
# Visual Studio 15
VisualStudioVersion = 15.0.27130.2024
MinimumVisualStudioVersion = 10.0.40219.1
Project("{FAE04EC0-301F-11D3-BF4B-00C04F79EFBC}") = "01_MyFirstWindowsForm", "01_MyFirstWindowsForm\01_MyFirstWindowsForm.csproj", "{48372FE2-3341-48D4-83E1-1574D6C7D897}"
EndProject
Global
	GlobalSection(SolutionConfigurationPlatforms) = preSolution
		Debug|Any CPU = Debug|Any CPU
		Release|Any CPU = Release|Any CPU
	EndGlobalSection
	GlobalSection(ProjectConfigurationPlatforms) = postSolution
		{48372FE2-3341-48D4-83E1-1574D6C7D897}.Debug|Any CPU.ActiveCfg = Debug|Any CPU
		{48372FE2-3341-48D4-83E1-1574D6C7D897}.Debug|Any CPU.Build.0 = Debug|Any CPU
		{48372FE2-3341-48D4-83E1-1574D6C7D897}.Release|Any CPU.ActiveCfg = Release|Any CPU
		{48372FE2-3341-48D4-83E1-1574D6C7D897}.Release|Any CPU.Build.0 = Release|Any CPU
	EndGlobalSection
	GlobalSection(SolutionProperties) = preSolution
		HideSolutionNode = FALSE
	EndGlobalSection
	GlobalSection(ExtensibilityGlobals) = postSolution
		SolutionGuid = {8881F06D-B5E1-4239-882D-00D1E7A3C53D}
	EndGlobalSection
EndGlobal
