
Microsoft Visual Studio Solution File, Format Version 12.00
# Visual Studio 15
VisualStudioVersion = 15.0.27130.2024
MinimumVisualStudioVersion = 10.0.40219.1
Project("{FAE04EC0-301F-11D3-BF4B-00C04F79EFBC}") = "RectangleArea", "RectangleArea\RectangleArea.csproj", "{ECE70DBC-4DAB-4FAB-9F73-A84387B0F05D}"
EndProject
Global
	GlobalSection(SolutionConfigurationPlatforms) = preSolution
		Debug|Any CPU = Debug|Any CPU
		Release|Any CPU = Release|Any CPU
	EndGlobalSection
	GlobalSection(ProjectConfigurationPlatforms) = postSolution
		{ECE70DBC-4DAB-4FAB-9F73-A84387B0F05D}.Debug|Any CPU.ActiveCfg = Debug|Any CPU
		{ECE70DBC-4DAB-4FAB-9F73-A84387B0F05D}.Debug|Any CPU.Build.0 = Debug|Any CPU
		{ECE70DBC-4DAB-4FAB-9F73-A84387B0F05D}.Release|Any CPU.ActiveCfg = Release|Any CPU
		{ECE70DBC-4DAB-4FAB-9F73-A84387B0F05D}.Release|Any CPU.Build.0 = Release|Any CPU
	EndGlobalSection
	GlobalSection(SolutionProperties) = preSolution
		HideSolutionNode = FALSE
	EndGlobalSection
	GlobalSection(ExtensibilityGlobals) = postSolution
		SolutionGuid = {2A8B3AB0-DD18-4C00-93BE-99D5EBBD301B}
	EndGlobalSection
EndGlobal
