
Microsoft Visual Studio Solution File, Format Version 12.00
# Visual Studio 15
VisualStudioVersion = 15.0.27130.2024
MinimumVisualStudioVersion = 10.0.40219.1
Project("{FAE04EC0-301F-11D3-BF4B-00C04F79EFBC}") = "DemoMethod", "DemoMethod\DemoMethod.csproj", "{1918C7F7-7ACD-4DA4-BEA5-F9C055CE9675}"
EndProject
Global
	GlobalSection(SolutionConfigurationPlatforms) = preSolution
		Debug|Any CPU = Debug|Any CPU
		Release|Any CPU = Release|Any CPU
	EndGlobalSection
	GlobalSection(ProjectConfigurationPlatforms) = postSolution
		{1918C7F7-7ACD-4DA4-BEA5-F9C055CE9675}.Debug|Any CPU.ActiveCfg = Debug|Any CPU
		{1918C7F7-7ACD-4DA4-BEA5-F9C055CE9675}.Debug|Any CPU.Build.0 = Debug|Any CPU
		{1918C7F7-7ACD-4DA4-BEA5-F9C055CE9675}.Release|Any CPU.ActiveCfg = Release|Any CPU
		{1918C7F7-7ACD-4DA4-BEA5-F9C055CE9675}.Release|Any CPU.Build.0 = Release|Any CPU
	EndGlobalSection
	GlobalSection(SolutionProperties) = preSolution
		HideSolutionNode = FALSE
	EndGlobalSection
	GlobalSection(ExtensibilityGlobals) = postSolution
		SolutionGuid = {BE15E0CE-29AB-4F73-9C08-F2B6C6461AD9}
	EndGlobalSection
EndGlobal
