
Microsoft Visual Studio Solution File, Format Version 12.00
# Visual Studio 15
VisualStudioVersion = 15.0.27130.2024
MinimumVisualStudioVersion = 10.0.40219.1
Project("{FAE04EC0-301F-11D3-BF4B-00C04F79EFBC}") = "FloatingPointValues", "FloatingPointValues\FloatingPointValues.csproj", "{93CFA28B-E0BF-4158-BAD4-66FDAEC43951}"
EndProject
Global
	GlobalSection(SolutionConfigurationPlatforms) = preSolution
		Debug|Any CPU = Debug|Any CPU
		Release|Any CPU = Release|Any CPU
	EndGlobalSection
	GlobalSection(ProjectConfigurationPlatforms) = postSolution
		{93CFA28B-E0BF-4158-BAD4-66FDAEC43951}.Debug|Any CPU.ActiveCfg = Debug|Any CPU
		{93CFA28B-E0BF-4158-BAD4-66FDAEC43951}.Debug|Any CPU.Build.0 = Debug|Any CPU
		{93CFA28B-E0BF-4158-BAD4-66FDAEC43951}.Release|Any CPU.ActiveCfg = Release|Any CPU
		{93CFA28B-E0BF-4158-BAD4-66FDAEC43951}.Release|Any CPU.Build.0 = Release|Any CPU
	EndGlobalSection
	GlobalSection(SolutionProperties) = preSolution
		HideSolutionNode = FALSE
	EndGlobalSection
	GlobalSection(ExtensibilityGlobals) = postSolution
		SolutionGuid = {8BD96246-FFB5-460C-B9A2-1AC1A79446DD}
	EndGlobalSection
EndGlobal
