
Microsoft Visual Studio Solution File, Format Version 12.00
# Visual Studio 15
VisualStudioVersion = 15.0.27130.2024
MinimumVisualStudioVersion = 10.0.40219.1
Project("{FAE04EC0-301F-11D3-BF4B-00C04F79EFBC}") = "OverrideToString", "OverrideToString\OverrideToString.csproj", "{AADF1693-182C-46AF-9D74-2FC293E1979D}"
EndProject
Global
	GlobalSection(SolutionConfigurationPlatforms) = preSolution
		Debug|Any CPU = Debug|Any CPU
		Release|Any CPU = Release|Any CPU
	EndGlobalSection
	GlobalSection(ProjectConfigurationPlatforms) = postSolution
		{AADF1693-182C-46AF-9D74-2FC293E1979D}.Debug|Any CPU.ActiveCfg = Debug|Any CPU
		{AADF1693-182C-46AF-9D74-2FC293E1979D}.Debug|Any CPU.Build.0 = Debug|Any CPU
		{AADF1693-182C-46AF-9D74-2FC293E1979D}.Release|Any CPU.ActiveCfg = Release|Any CPU
		{AADF1693-182C-46AF-9D74-2FC293E1979D}.Release|Any CPU.Build.0 = Release|Any CPU
	EndGlobalSection
	GlobalSection(SolutionProperties) = preSolution
		HideSolutionNode = FALSE
	EndGlobalSection
	GlobalSection(ExtensibilityGlobals) = postSolution
		SolutionGuid = {89C958D5-1D36-4958-9523-75FFC8DF6DEA}
	EndGlobalSection
EndGlobal
