
Microsoft Visual Studio Solution File, Format Version 12.00
# Visual Studio 15
VisualStudioVersion = 15.0.27130.2024
MinimumVisualStudioVersion = 10.0.40219.1
Project("{FAE04EC0-301F-11D3-BF4B-00C04F79EFBC}") = "CalculateSum", "CalculateSum\CalculateSum.csproj", "{1C6E29EA-A292-4F7F-93E4-EA5BEA43CB2F}"
EndProject
Global
	GlobalSection(SolutionConfigurationPlatforms) = preSolution
		Debug|Any CPU = Debug|Any CPU
		Release|Any CPU = Release|Any CPU
	EndGlobalSection
	GlobalSection(ProjectConfigurationPlatforms) = postSolution
		{1C6E29EA-A292-4F7F-93E4-EA5BEA43CB2F}.Debug|Any CPU.ActiveCfg = Debug|Any CPU
		{1C6E29EA-A292-4F7F-93E4-EA5BEA43CB2F}.Debug|Any CPU.Build.0 = Debug|Any CPU
		{1C6E29EA-A292-4F7F-93E4-EA5BEA43CB2F}.Release|Any CPU.ActiveCfg = Release|Any CPU
		{1C6E29EA-A292-4F7F-93E4-EA5BEA43CB2F}.Release|Any CPU.Build.0 = Release|Any CPU
	EndGlobalSection
	GlobalSection(SolutionProperties) = preSolution
		HideSolutionNode = FALSE
	EndGlobalSection
	GlobalSection(ExtensibilityGlobals) = postSolution
		SolutionGuid = {D1791522-B228-41CF-833F-3967B6E4BF65}
	EndGlobalSection
EndGlobal
