
Microsoft Visual Studio Solution File, Format Version 12.00
# Visual Studio 15
VisualStudioVersion = 15.0.27130.2024
MinimumVisualStudioVersion = 10.0.40219.1
Project("{FAE04EC0-301F-11D3-BF4B-00C04F79EFBC}") = "ForLoopFirstExam", "ForLoopFirstExam\ForLoopFirstExam.csproj", "{3FF3A783-7758-4577-97CE-B762381C8F14}"
EndProject
Global
	GlobalSection(SolutionConfigurationPlatforms) = preSolution
		Debug|Any CPU = Debug|Any CPU
		Release|Any CPU = Release|Any CPU
	EndGlobalSection
	GlobalSection(ProjectConfigurationPlatforms) = postSolution
		{3FF3A783-7758-4577-97CE-B762381C8F14}.Debug|Any CPU.ActiveCfg = Debug|Any CPU
		{3FF3A783-7758-4577-97CE-B762381C8F14}.Debug|Any CPU.Build.0 = Debug|Any CPU
		{3FF3A783-7758-4577-97CE-B762381C8F14}.Release|Any CPU.ActiveCfg = Release|Any CPU
		{3FF3A783-7758-4577-97CE-B762381C8F14}.Release|Any CPU.Build.0 = Release|Any CPU
	EndGlobalSection
	GlobalSection(SolutionProperties) = preSolution
		HideSolutionNode = FALSE
	EndGlobalSection
	GlobalSection(ExtensibilityGlobals) = postSolution
		SolutionGuid = {DFBC2737-4BF1-4905-8D58-EEB849D1A661}
	EndGlobalSection
EndGlobal
