
Microsoft Visual Studio Solution File, Format Version 12.00
# Visual Studio 15
VisualStudioVersion = 15.0.27130.2024
MinimumVisualStudioVersion = 10.0.40219.1
Project("{FAE04EC0-301F-11D3-BF4B-00C04F79EFBC}") = "OOPexampleThird", "OOPexampleThird\OOPexampleThird.csproj", "{0BB7C0CD-430A-4038-A8FA-D4F1799A9F9A}"
EndProject
Global
	GlobalSection(SolutionConfigurationPlatforms) = preSolution
		Debug|Any CPU = Debug|Any CPU
		Release|Any CPU = Release|Any CPU
	EndGlobalSection
	GlobalSection(ProjectConfigurationPlatforms) = postSolution
		{0BB7C0CD-430A-4038-A8FA-D4F1799A9F9A}.Debug|Any CPU.ActiveCfg = Debug|Any CPU
		{0BB7C0CD-430A-4038-A8FA-D4F1799A9F9A}.Debug|Any CPU.Build.0 = Debug|Any CPU
		{0BB7C0CD-430A-4038-A8FA-D4F1799A9F9A}.Release|Any CPU.ActiveCfg = Release|Any CPU
		{0BB7C0CD-430A-4038-A8FA-D4F1799A9F9A}.Release|Any CPU.Build.0 = Release|Any CPU
	EndGlobalSection
	GlobalSection(SolutionProperties) = preSolution
		HideSolutionNode = FALSE
	EndGlobalSection
	GlobalSection(ExtensibilityGlobals) = postSolution
		SolutionGuid = {0C7DDA07-C210-4267-B78C-FAC3199A5DD0}
	EndGlobalSection
EndGlobal
