
Microsoft Visual Studio Solution File, Format Version 12.00
# Visual Studio 15
VisualStudioVersion = 15.0.27130.2024
MinimumVisualStudioVersion = 10.0.40219.1
Project("{FAE04EC0-301F-11D3-BF4B-00C04F79EFBC}") = "AssignOperators", "AssignOperators\AssignOperators.csproj", "{87C1692A-8475-48A2-ABD5-DA279D19B893}"
EndProject
Global
	GlobalSection(SolutionConfigurationPlatforms) = preSolution
		Debug|Any CPU = Debug|Any CPU
		Release|Any CPU = Release|Any CPU
	EndGlobalSection
	GlobalSection(ProjectConfigurationPlatforms) = postSolution
		{87C1692A-8475-48A2-ABD5-DA279D19B893}.Debug|Any CPU.ActiveCfg = Debug|Any CPU
		{87C1692A-8475-48A2-ABD5-DA279D19B893}.Debug|Any CPU.Build.0 = Debug|Any CPU
		{87C1692A-8475-48A2-ABD5-DA279D19B893}.Release|Any CPU.ActiveCfg = Release|Any CPU
		{87C1692A-8475-48A2-ABD5-DA279D19B893}.Release|Any CPU.Build.0 = Release|Any CPU
	EndGlobalSection
	GlobalSection(SolutionProperties) = preSolution
		HideSolutionNode = FALSE
	EndGlobalSection
	GlobalSection(ExtensibilityGlobals) = postSolution
		SolutionGuid = {C53A0F58-1B7F-4120-87AA-09890977632C}
	EndGlobalSection
EndGlobal
