
Microsoft Visual Studio Solution File, Format Version 12.00
# Visual Studio 15
VisualStudioVersion = 15.0.27130.2024
MinimumVisualStudioVersion = 10.0.40219.1
Project("{FAE04EC0-301F-11D3-BF4B-00C04F79EFBC}") = "StreamWriter", "StreamWriter\StreamWriter.csproj", "{96452C4F-D914-4E82-8354-5E24096907B0}"
EndProject
Global
	GlobalSection(SolutionConfigurationPlatforms) = preSolution
		Debug|Any CPU = Debug|Any CPU
		Release|Any CPU = Release|Any CPU
	EndGlobalSection
	GlobalSection(ProjectConfigurationPlatforms) = postSolution
		{96452C4F-D914-4E82-8354-5E24096907B0}.Debug|Any CPU.ActiveCfg = Debug|Any CPU
		{96452C4F-D914-4E82-8354-5E24096907B0}.Debug|Any CPU.Build.0 = Debug|Any CPU
		{96452C4F-D914-4E82-8354-5E24096907B0}.Release|Any CPU.ActiveCfg = Release|Any CPU
		{96452C4F-D914-4E82-8354-5E24096907B0}.Release|Any CPU.Build.0 = Release|Any CPU
	EndGlobalSection
	GlobalSection(SolutionProperties) = preSolution
		HideSolutionNode = FALSE
	EndGlobalSection
	GlobalSection(ExtensibilityGlobals) = postSolution
		SolutionGuid = {322CF872-3976-44F2-8DD4-40CA83CB976F}
	EndGlobalSection
EndGlobal
