
Microsoft Visual Studio Solution File, Format Version 12.00
# Visual Studio 15
VisualStudioVersion = 15.0.27130.2024
MinimumVisualStudioVersion = 10.0.40219.1
Project("{FAE04EC0-301F-11D3-BF4B-00C04F79EFBC}") = "BoolType", "BoolType\BoolType.csproj", "{2F42F50F-077D-41D7-AA88-F2E5ED3997B6}"
EndProject
Global
	GlobalSection(SolutionConfigurationPlatforms) = preSolution
		Debug|Any CPU = Debug|Any CPU
		Release|Any CPU = Release|Any CPU
	EndGlobalSection
	GlobalSection(ProjectConfigurationPlatforms) = postSolution
		{2F42F50F-077D-41D7-AA88-F2E5ED3997B6}.Debug|Any CPU.ActiveCfg = Debug|Any CPU
		{2F42F50F-077D-41D7-AA88-F2E5ED3997B6}.Debug|Any CPU.Build.0 = Debug|Any CPU
		{2F42F50F-077D-41D7-AA88-F2E5ED3997B6}.Release|Any CPU.ActiveCfg = Release|Any CPU
		{2F42F50F-077D-41D7-AA88-F2E5ED3997B6}.Release|Any CPU.Build.0 = Release|Any CPU
	EndGlobalSection
	GlobalSection(SolutionProperties) = preSolution
		HideSolutionNode = FALSE
	EndGlobalSection
	GlobalSection(ExtensibilityGlobals) = postSolution
		SolutionGuid = {B8F123BA-E2BC-41C6-B75D-0935C8DC4F60}
	EndGlobalSection
EndGlobal
