
Microsoft Visual Studio Solution File, Format Version 12.00
# Visual Studio 15
VisualStudioVersion = 15.0.27130.2024
MinimumVisualStudioVersion = 10.0.40219.1
Project("{FAE04EC0-301F-11D3-BF4B-00C04F79EFBC}") = "DoAndWhileLoops", "DoAndWhileLoops\DoAndWhileLoops.csproj", "{A77759DC-1A17-4C78-9A1A-6937247825E7}"
EndProject
Global
	GlobalSection(SolutionConfigurationPlatforms) = preSolution
		Debug|Any CPU = Debug|Any CPU
		Release|Any CPU = Release|Any CPU
	EndGlobalSection
	GlobalSection(ProjectConfigurationPlatforms) = postSolution
		{A77759DC-1A17-4C78-9A1A-6937247825E7}.Debug|Any CPU.ActiveCfg = Debug|Any CPU
		{A77759DC-1A17-4C78-9A1A-6937247825E7}.Debug|Any CPU.Build.0 = Debug|Any CPU
		{A77759DC-1A17-4C78-9A1A-6937247825E7}.Release|Any CPU.ActiveCfg = Release|Any CPU
		{A77759DC-1A17-4C78-9A1A-6937247825E7}.Release|Any CPU.Build.0 = Release|Any CPU
	EndGlobalSection
	GlobalSection(SolutionProperties) = preSolution
		HideSolutionNode = FALSE
	EndGlobalSection
	GlobalSection(ExtensibilityGlobals) = postSolution
		SolutionGuid = {0A9F0512-9DE5-4C3D-8046-D3192F707FDC}
	EndGlobalSection
EndGlobal
