
Microsoft Visual Studio Solution File, Format Version 12.00
# Visual Studio 15
VisualStudioVersion = 15.0.27130.2024
MinimumVisualStudioVersion = 10.0.40219.1
Project("{FAE04EC0-301F-11D3-BF4B-00C04F79EFBC}") = "PropertiesExample", "PropertiesExample\PropertiesExample.csproj", "{417F4564-70BB-400A-A611-37A762949F5E}"
EndProject
Global
	GlobalSection(SolutionConfigurationPlatforms) = preSolution
		Debug|Any CPU = Debug|Any CPU
		Release|Any CPU = Release|Any CPU
	EndGlobalSection
	GlobalSection(ProjectConfigurationPlatforms) = postSolution
		{417F4564-70BB-400A-A611-37A762949F5E}.Debug|Any CPU.ActiveCfg = Debug|Any CPU
		{417F4564-70BB-400A-A611-37A762949F5E}.Debug|Any CPU.Build.0 = Debug|Any CPU
		{417F4564-70BB-400A-A611-37A762949F5E}.Release|Any CPU.ActiveCfg = Release|Any CPU
		{417F4564-70BB-400A-A611-37A762949F5E}.Release|Any CPU.Build.0 = Release|Any CPU
	EndGlobalSection
	GlobalSection(SolutionProperties) = preSolution
		HideSolutionNode = FALSE
	EndGlobalSection
	GlobalSection(ExtensibilityGlobals) = postSolution
		SolutionGuid = {7CA806A8-38F0-45E2-989E-2033859C0861}
	EndGlobalSection
EndGlobal
