
Microsoft Visual Studio Solution File, Format Version 12.00
# Visual Studio 15
VisualStudioVersion = 15.0.27130.2024
MinimumVisualStudioVersion = 10.0.40219.1
Project("{FAE04EC0-301F-11D3-BF4B-00C04F79EFBC}") = "NestedIfElse", "NestedIfElse\NestedIfElse.csproj", "{0631557B-F495-494D-8518-30D9C7822BCC}"
EndProject
Global
	GlobalSection(SolutionConfigurationPlatforms) = preSolution
		Debug|Any CPU = Debug|Any CPU
		Release|Any CPU = Release|Any CPU
	EndGlobalSection
	GlobalSection(ProjectConfigurationPlatforms) = postSolution
		{0631557B-F495-494D-8518-30D9C7822BCC}.Debug|Any CPU.ActiveCfg = Debug|Any CPU
		{0631557B-F495-494D-8518-30D9C7822BCC}.Debug|Any CPU.Build.0 = Debug|Any CPU
		{0631557B-F495-494D-8518-30D9C7822BCC}.Release|Any CPU.ActiveCfg = Release|Any CPU
		{0631557B-F495-494D-8518-30D9C7822BCC}.Release|Any CPU.Build.0 = Release|Any CPU
	EndGlobalSection
	GlobalSection(SolutionProperties) = preSolution
		HideSolutionNode = FALSE
	EndGlobalSection
	GlobalSection(ExtensibilityGlobals) = postSolution
		SolutionGuid = {8CB2DF5F-266E-43FC-92E7-5B1DE2F81A94}
	EndGlobalSection
EndGlobal
