
Microsoft Visual Studio Solution File, Format Version 12.00
# Visual Studio 15
VisualStudioVersion = 15.0.27130.2024
MinimumVisualStudioVersion = 10.0.40219.1
Project("{FAE04EC0-301F-11D3-BF4B-00C04F79EFBC}") = "MaxForNumericTypes", "MaxForNumericTypes\MaxForNumericTypes.csproj", "{8FE2B82A-03C9-4B0B-9319-4A1BDF0F9ECF}"
EndProject
Global
	GlobalSection(SolutionConfigurationPlatforms) = preSolution
		Debug|Any CPU = Debug|Any CPU
		Release|Any CPU = Release|Any CPU
	EndGlobalSection
	GlobalSection(ProjectConfigurationPlatforms) = postSolution
		{8FE2B82A-03C9-4B0B-9319-4A1BDF0F9ECF}.Debug|Any CPU.ActiveCfg = Debug|Any CPU
		{8FE2B82A-03C9-4B0B-9319-4A1BDF0F9ECF}.Debug|Any CPU.Build.0 = Debug|Any CPU
		{8FE2B82A-03C9-4B0B-9319-4A1BDF0F9ECF}.Release|Any CPU.ActiveCfg = Release|Any CPU
		{8FE2B82A-03C9-4B0B-9319-4A1BDF0F9ECF}.Release|Any CPU.Build.0 = Release|Any CPU
	EndGlobalSection
	GlobalSection(SolutionProperties) = preSolution
		HideSolutionNode = FALSE
	EndGlobalSection
	GlobalSection(ExtensibilityGlobals) = postSolution
		SolutionGuid = {62B3BEC5-93C6-4BCF-B0F5-BAD07B26AB6B}
	EndGlobalSection
EndGlobal
