
Microsoft Visual Studio Solution File, Format Version 12.00
# Visual Studio 15
VisualStudioVersion = 15.0.27130.2024
MinimumVisualStudioVersion = 10.0.40219.1
Project("{FAE04EC0-301F-11D3-BF4B-00C04F79EFBC}") = "Constructor", "Constructor\Constructor.csproj", "{AF3295A1-B991-4731-B431-33772C26E11A}"
EndProject
Global
	GlobalSection(SolutionConfigurationPlatforms) = preSolution
		Debug|Any CPU = Debug|Any CPU
		Release|Any CPU = Release|Any CPU
	EndGlobalSection
	GlobalSection(ProjectConfigurationPlatforms) = postSolution
		{AF3295A1-B991-4731-B431-33772C26E11A}.Debug|Any CPU.ActiveCfg = Debug|Any CPU
		{AF3295A1-B991-4731-B431-33772C26E11A}.Debug|Any CPU.Build.0 = Debug|Any CPU
		{AF3295A1-B991-4731-B431-33772C26E11A}.Release|Any CPU.ActiveCfg = Release|Any CPU
		{AF3295A1-B991-4731-B431-33772C26E11A}.Release|Any CPU.Build.0 = Release|Any CPU
	EndGlobalSection
	GlobalSection(SolutionProperties) = preSolution
		HideSolutionNode = FALSE
	EndGlobalSection
	GlobalSection(ExtensibilityGlobals) = postSolution
		SolutionGuid = {385EED94-EA95-4315-AC2A-29EE0B01B35F}
	EndGlobalSection
EndGlobal
