
Microsoft Visual Studio Solution File, Format Version 12.00
# Visual Studio 15
VisualStudioVersion = 15.0.27130.2024
MinimumVisualStudioVersion = 10.0.40219.1
Project("{FAE04EC0-301F-11D3-BF4B-00C04F79EFBC}") = "Concatenate", "Concatenate\Concatenate.csproj", "{DD76D548-6AAA-458C-898D-6784EA85C698}"
EndProject
Global
	GlobalSection(SolutionConfigurationPlatforms) = preSolution
		Debug|Any CPU = Debug|Any CPU
		Release|Any CPU = Release|Any CPU
	EndGlobalSection
	GlobalSection(ProjectConfigurationPlatforms) = postSolution
		{DD76D548-6AAA-458C-898D-6784EA85C698}.Debug|Any CPU.ActiveCfg = Debug|Any CPU
		{DD76D548-6AAA-458C-898D-6784EA85C698}.Debug|Any CPU.Build.0 = Debug|Any CPU
		{DD76D548-6AAA-458C-898D-6784EA85C698}.Release|Any CPU.ActiveCfg = Release|Any CPU
		{DD76D548-6AAA-458C-898D-6784EA85C698}.Release|Any CPU.Build.0 = Release|Any CPU
	EndGlobalSection
	GlobalSection(SolutionProperties) = preSolution
		HideSolutionNode = FALSE
	EndGlobalSection
	GlobalSection(ExtensibilityGlobals) = postSolution
		SolutionGuid = {0E9AAC76-B5F8-401F-83FE-3D263A0DE47C}
	EndGlobalSection
EndGlobal
