
Microsoft Visual Studio Solution File, Format Version 12.00
# Visual Studio 15
VisualStudioVersion = 15.0.27130.2024
MinimumVisualStudioVersion = 10.0.40219.1
Project("{FAE04EC0-301F-11D3-BF4B-00C04F79EFBC}") = "ClassDemoFifth", "ClassDemoFifth\ClassDemoFifth.csproj", "{4D0EC3EA-B0E6-475A-AF6B-B51459419BDF}"
EndProject
Global
	GlobalSection(SolutionConfigurationPlatforms) = preSolution
		Debug|Any CPU = Debug|Any CPU
		Release|Any CPU = Release|Any CPU
	EndGlobalSection
	GlobalSection(ProjectConfigurationPlatforms) = postSolution
		{4D0EC3EA-B0E6-475A-AF6B-B51459419BDF}.Debug|Any CPU.ActiveCfg = Debug|Any CPU
		{4D0EC3EA-B0E6-475A-AF6B-B51459419BDF}.Debug|Any CPU.Build.0 = Debug|Any CPU
		{4D0EC3EA-B0E6-475A-AF6B-B51459419BDF}.Release|Any CPU.ActiveCfg = Release|Any CPU
		{4D0EC3EA-B0E6-475A-AF6B-B51459419BDF}.Release|Any CPU.Build.0 = Release|Any CPU
	EndGlobalSection
	GlobalSection(SolutionProperties) = preSolution
		HideSolutionNode = FALSE
	EndGlobalSection
	GlobalSection(ExtensibilityGlobals) = postSolution
		SolutionGuid = {1BBD4536-C5B9-4C4F-BB9E-A3F44D38935F}
	EndGlobalSection
EndGlobal
