
Microsoft Visual Studio Solution File, Format Version 12.00
# Visual Studio 15
VisualStudioVersion = 15.0.27130.2024
MinimumVisualStudioVersion = 10.0.40219.1
Project("{FAE04EC0-301F-11D3-BF4B-00C04F79EFBC}") = "AverageWithSelector", "AverageWithSelector\AverageWithSelector.csproj", "{797D8B2C-CD99-49B6-A050-345DF54E621C}"
EndProject
Global
	GlobalSection(SolutionConfigurationPlatforms) = preSolution
		Debug|Any CPU = Debug|Any CPU
		Release|Any CPU = Release|Any CPU
	EndGlobalSection
	GlobalSection(ProjectConfigurationPlatforms) = postSolution
		{797D8B2C-CD99-49B6-A050-345DF54E621C}.Debug|Any CPU.ActiveCfg = Debug|Any CPU
		{797D8B2C-CD99-49B6-A050-345DF54E621C}.Debug|Any CPU.Build.0 = Debug|Any CPU
		{797D8B2C-CD99-49B6-A050-345DF54E621C}.Release|Any CPU.ActiveCfg = Release|Any CPU
		{797D8B2C-CD99-49B6-A050-345DF54E621C}.Release|Any CPU.Build.0 = Release|Any CPU
	EndGlobalSection
	GlobalSection(SolutionProperties) = preSolution
		HideSolutionNode = FALSE
	EndGlobalSection
	GlobalSection(ExtensibilityGlobals) = postSolution
		SolutionGuid = {84B6F9A2-E18A-419E-9E2D-07C4BC5B775E}
	EndGlobalSection
EndGlobal
